// !$*UTF8*$!
{
	archiveVersion = 1;
	classes = {
	};
	objectVersion = 46;
	objects = {

/* Begin PBXBuildFile section */
		19399AAB16BAC0FC00222BDD /* icon.png in Resources */ = {isa = PBXBuildFile; fileRef = 19ADED0216B91731007AA4F9 /* icon.png */; };
		19399AAC16BAC10200222BDD /* icon@2x.png in Resources */ = {isa = PBXBuildFile; fileRef = 19ADED0316B91731007AA4F9 /* icon@2x.png */; };
		19399AAD16BAC10B00222BDD /* Login.png in Resources */ = {isa = PBXBuildFile; fileRef = 19B145C216BA5367005E920E /* Login.png */; };
		19399AAE16BAC11100222BDD /* Default.png in Resources */ = {isa = PBXBuildFile; fileRef = 193F0717169E686E005D60DD /* Default.png */; };
		193F0706169E686E005D60DD /* UIKit.framework in Frameworks */ = {isa = PBXBuildFile; fileRef = 193F0705169E686E005D60DD /* UIKit.framework */; };
		193F0708169E686E005D60DD /* Foundation.framework in Frameworks */ = {isa = PBXBuildFile; fileRef = 193F0707169E686E005D60DD /* Foundation.framework */; };
		193F070A169E686E005D60DD /* CoreGraphics.framework in Frameworks */ = {isa = PBXBuildFile; fileRef = 193F0709169E686E005D60DD /* CoreGraphics.framework */; };
		193F0712169E686E005D60DD /* main.m in Sources */ = {isa = PBXBuildFile; fileRef = 193F0711169E686E005D60DD /* main.m */; };
		193F0716169E686E005D60DD /* LKAppDelegate.m in Sources */ = {isa = PBXBuildFile; fileRef = 193F0715169E686E005D60DD /* LKAppDelegate.m */; };
		193F071A169E686E005D60DD /* Default@2x.png in Resources */ = {isa = PBXBuildFile; fileRef = 193F0719169E686E005D60DD /* Default@2x.png */; };
		193F071C169E686E005D60DD /* Default-568h@2x.png in Resources */ = {isa = PBXBuildFile; fileRef = 193F071B169E686E005D60DD /* Default-568h@2x.png */; };
		193F078E169E7586005D60DD /* ASIAuthenticationDialog.m in Sources */ = {isa = PBXBuildFile; fileRef = 193F0773169E7586005D60DD /* ASIAuthenticationDialog.m */; settings = {COMPILER_FLAGS = "-fno-objc-arc"; }; };
		193F078F169E7586005D60DD /* ASIDataCompressor.m in Sources */ = {isa = PBXBuildFile; fileRef = 193F0776169E7586005D60DD /* ASIDataCompressor.m */; settings = {COMPILER_FLAGS = "-fno-objc-arc"; }; };
		193F0790169E7586005D60DD /* ASIDataDecompressor.m in Sources */ = {isa = PBXBuildFile; fileRef = 193F0778169E7586005D60DD /* ASIDataDecompressor.m */; settings = {COMPILER_FLAGS = "-fno-objc-arc"; }; };
		193F0791169E7586005D60DD /* ASIDownloadCache.m in Sources */ = {isa = PBXBuildFile; fileRef = 193F077A169E7586005D60DD /* ASIDownloadCache.m */; settings = {COMPILER_FLAGS = "-fno-objc-arc"; }; };
		193F0792169E7586005D60DD /* ASIFormDataRequest.m in Sources */ = {isa = PBXBuildFile; fileRef = 193F077C169E7586005D60DD /* ASIFormDataRequest.m */; settings = {COMPILER_FLAGS = "-fno-objc-arc"; }; };
		193F0793169E7586005D60DD /* ASIHTTPRequest.m in Sources */ = {isa = PBXBuildFile; fileRef = 193F077E169E7586005D60DD /* ASIHTTPRequest.m */; settings = {COMPILER_FLAGS = "-fno-objc-arc"; }; };
		193F0794169E7586005D60DD /* ASIInputStream.m in Sources */ = {isa = PBXBuildFile; fileRef = 193F0782169E7586005D60DD /* ASIInputStream.m */; settings = {COMPILER_FLAGS = "-fno-objc-arc"; }; };
		193F0795169E7586005D60DD /* ASINetworkQueue.m in Sources */ = {isa = PBXBuildFile; fileRef = 193F0784169E7586005D60DD /* ASINetworkQueue.m */; settings = {COMPILER_FLAGS = "-fno-objc-arc"; }; };
		193F0796169E7586005D60DD /* Jastor.m in Sources */ = {isa = PBXBuildFile; fileRef = 193F0788169E7586005D60DD /* Jastor.m */; settings = {COMPILER_FLAGS = "-fno-objc-arc"; }; };
		193F0797169E7586005D60DD /* JastorRuntimeHelper.m in Sources */ = {isa = PBXBuildFile; fileRef = 193F078A169E7586005D60DD /* JastorRuntimeHelper.m */; settings = {COMPILER_FLAGS = "-fno-objc-arc"; }; };
		193F0798169E7586005D60DD /* Reachability.m in Sources */ = {isa = PBXBuildFile; fileRef = 193F078D169E7586005D60DD /* Reachability.m */; settings = {COMPILER_FLAGS = "-fno-objc-arc"; }; };
		193F079A169E8E61005D60DD /* CFNetwork.framework in Frameworks */ = {isa = PBXBuildFile; fileRef = 193F0799169E8E61005D60DD /* CFNetwork.framework */; };
		193F079C169E8ED0005D60DD /* SystemConfiguration.framework in Frameworks */ = {isa = PBXBuildFile; fileRef = 193F079B169E8ED0005D60DD /* SystemConfiguration.framework */; };
		193F079E169E8EDC005D60DD /* MobileCoreServices.framework in Frameworks */ = {isa = PBXBuildFile; fileRef = 193F079D169E8EDC005D60DD /* MobileCoreServices.framework */; };
		193F07A0169E8EF0005D60DD /* libz.dylib in Frameworks */ = {isa = PBXBuildFile; fileRef = 193F079F169E8EF0005D60DD /* libz.dylib */; };
		193F07B3169EA3AE005D60DD /* LKNavigationController.m in Sources */ = {isa = PBXBuildFile; fileRef = 193F07B2169EA3AE005D60DD /* LKNavigationController.m */; };
		193F07B7169EAAFD005D60DD /* UICentre.m in Sources */ = {isa = PBXBuildFile; fileRef = 193F07B6169EAAFD005D60DD /* UICentre.m */; };
		193F07BB169EB4A6005D60DD /* LKTabBarController.m in Sources */ = {isa = PBXBuildFile; fileRef = 193F07BA169EB4A6005D60DD /* LKTabBarController.m */; };
		19A937E216AA4E580076DE9B /* LKTableController.m in Sources */ = {isa = PBXBuildFile; fileRef = 19A937E116AA4E580076DE9B /* LKTableController.m */; };
		19A937E316AA4E580076DE9B /* LKTableController.m in Sources */ = {isa = PBXBuildFile; fileRef = 19A937E116AA4E580076DE9B /* LKTableController.m */; };
		19A937EE16AA7DD40076DE9B /* LinkeeStreamController.m in Sources */ = {isa = PBXBuildFile; fileRef = 19A937ED16AA7DD40076DE9B /* LinkeeStreamController.m */; };
		19A937EF16AA7DD40076DE9B /* LinkeeStreamController.m in Sources */ = {isa = PBXBuildFile; fileRef = 19A937ED16AA7DD40076DE9B /* LinkeeStreamController.m */; };
		19A937F216AA7ECB0076DE9B /* LinkeeExploreController.m in Sources */ = {isa = PBXBuildFile; fileRef = 19A937F116AA7ECB0076DE9B /* LinkeeExploreController.m */; };
		19A937F316AA7ECB0076DE9B /* LinkeeExploreController.m in Sources */ = {isa = PBXBuildFile; fileRef = 19A937F116AA7ECB0076DE9B /* LinkeeExploreController.m */; };
		19A937F616AA7EEC0076DE9B /* LinkeeNewsController.m in Sources */ = {isa = PBXBuildFile; fileRef = 19A937F516AA7EEB0076DE9B /* LinkeeNewsController.m */; };
		19A937F716AA7EEC0076DE9B /* LinkeeNewsController.m in Sources */ = {isa = PBXBuildFile; fileRef = 19A937F516AA7EEB0076DE9B /* LinkeeNewsController.m */; };
		19AD481716AE97DA00B5BA02 /* PeopleStreamController.m in Sources */ = {isa = PBXBuildFile; fileRef = 19AD481616AE97DA00B5BA02 /* PeopleStreamController.m */; };
		19AD481816AE97DA00B5BA02 /* PeopleStreamController.m in Sources */ = {isa = PBXBuildFile; fileRef = 19AD481616AE97DA00B5BA02 /* PeopleStreamController.m */; };
		19ADECFB16B8EB0C007AA4F9 /* ExpStreamBaseController.m in Sources */ = {isa = PBXBuildFile; fileRef = 19ADECFA16B8EB0C007AA4F9 /* ExpStreamBaseController.m */; };
		19ADECFC16B8EB0C007AA4F9 /* ExpStreamBaseController.m in Sources */ = {isa = PBXBuildFile; fileRef = 19ADECFA16B8EB0C007AA4F9 /* ExpStreamBaseController.m */; };
		19ADECFF16B91195007AA4F9 /* HostedExpStreamController.m in Sources */ = {isa = PBXBuildFile; fileRef = 19ADECFE16B91195007AA4F9 /* HostedExpStreamController.m */; };
		19ADED0016B91195007AA4F9 /* HostedExpStreamController.m in Sources */ = {isa = PBXBuildFile; fileRef = 19ADECFE16B91195007AA4F9 /* HostedExpStreamController.m */; };
		19ADED0416B91731007AA4F9 /* icon.png in Resources */ = {isa = PBXBuildFile; fileRef = 19ADED0216B91731007AA4F9 /* icon.png */; };
		19ADED0616B91731007AA4F9 /* icon@2x.png in Resources */ = {isa = PBXBuildFile; fileRef = 19ADED0316B91731007AA4F9 /* icon@2x.png */; };
		19ADED1A16B926D1007AA4F9 /* WatchedExpStreamController.m in Sources */ = {isa = PBXBuildFile; fileRef = 19ADED1916B926D1007AA4F9 /* WatchedExpStreamController.m */; };
		19ADED1B16B926D1007AA4F9 /* WatchedExpStreamController.m in Sources */ = {isa = PBXBuildFile; fileRef = 19ADED1916B926D1007AA4F9 /* WatchedExpStreamController.m */; };
		19B01D5416B0FABF00C7D41F /* ExperienceStreamController.m in Sources */ = {isa = PBXBuildFile; fileRef = 19B01D5316B0FABF00C7D41F /* ExperienceStreamController.m */; };
		19B01D5516B0FABF00C7D41F /* ExperienceStreamController.m in Sources */ = {isa = PBXBuildFile; fileRef = 19B01D5316B0FABF00C7D41F /* ExperienceStreamController.m */; };
		19B01D5916B1172000C7D41F /* ExperienceController.m in Sources */ = {isa = PBXBuildFile; fileRef = 19B01D5816B1172000C7D41F /* ExperienceController.m */; };
		19B01D5A16B1172000C7D41F /* ExperienceController.m in Sources */ = {isa = PBXBuildFile; fileRef = 19B01D5816B1172000C7D41F /* ExperienceController.m */; };
		19B01D5E16B1219800C7D41F /* NewLinkeeController.m in Sources */ = {isa = PBXBuildFile; fileRef = 19B01D5D16B1219800C7D41F /* NewLinkeeController.m */; };
		19B01D5F16B1219800C7D41F /* NewLinkeeController.m in Sources */ = {isa = PBXBuildFile; fileRef = 19B01D5D16B1219800C7D41F /* NewLinkeeController.m */; };
		19B0BAE316A93C2700A8BB02 /* LKView.m in Sources */ = {isa = PBXBuildFile; fileRef = 19B0BAE216A93C2700A8BB02 /* LKView.m */; };
		19B0BAE416A93C2700A8BB02 /* LKView.m in Sources */ = {isa = PBXBuildFile; fileRef = 19B0BAE216A93C2700A8BB02 /* LKView.m */; };
		19B0BAEB16A94A7F00A8BB02 /* LinkeeTopTabView.m in Sources */ = {isa = PBXBuildFile; fileRef = 19B0BAEA16A94A7F00A8BB02 /* LinkeeTopTabView.m */; };
		19B0BAEC16A94A7F00A8BB02 /* LinkeeTopTabView.m in Sources */ = {isa = PBXBuildFile; fileRef = 19B0BAEA16A94A7F00A8BB02 /* LinkeeTopTabView.m */; };
		19B1240216B7D052001C7939 /* linkee_stream_bg.png in Resources */ = {isa = PBXBuildFile; fileRef = 19B1240016B7D052001C7939 /* linkee_stream_bg.png */; };
		19B1240316B7D052001C7939 /* linkee_stream_bg.png in Resources */ = {isa = PBXBuildFile; fileRef = 19B1240016B7D052001C7939 /* linkee_stream_bg.png */; };
		19B1240416B7D052001C7939 /* linkee_stream_bg@2x.png in Resources */ = {isa = PBXBuildFile; fileRef = 19B1240116B7D052001C7939 /* linkee_stream_bg@2x.png */; };
		19B1240516B7D052001C7939 /* linkee_stream_bg@2x.png in Resources */ = {isa = PBXBuildFile; fileRef = 19B1240116B7D052001C7939 /* linkee_stream_bg@2x.png */; };
		19B145C516BA5367005E920E /* Login.png in Resources */ = {isa = PBXBuildFile; fileRef = 19B145C216BA5367005E920E /* Login.png */; };
		19B145C616BA5367005E920E /* Login@2x.png in Resources */ = {isa = PBXBuildFile; fileRef = 19B145C316BA5367005E920E /* Login@2x.png */; };
		19B145C716BA5367005E920E /* Login@2x.png in Resources */ = {isa = PBXBuildFile; fileRef = 19B145C316BA5367005E920E /* Login@2x.png */; };
		19B48F2B16A01030009FFC09 /* LKViewController.m in Sources */ = {isa = PBXBuildFile; fileRef = 19B48F2A16A01030009FFC09 /* LKViewController.m */; };
		19B48F2D16A01698009FFC09 /* Localizable.strings in Resources */ = {isa = PBXBuildFile; fileRef = 19B48F2C16A01698009FFC09 /* Localizable.strings */; };
		19B48F2F16A01D17009FFC09 /* InfoPlist.strings in Resources */ = {isa = PBXBuildFile; fileRef = 19B48F2E16A01D17009FFC09 /* InfoPlist.strings */; };
		19B57F9916B3D32D002644F7 /* ReplyController.m in Sources */ = {isa = PBXBuildFile; fileRef = 19B57F9816B3D32D002644F7 /* ReplyController.m */; };
		19B57F9A16B3D32D002644F7 /* ReplyController.m in Sources */ = {isa = PBXBuildFile; fileRef = 19B57F9816B3D32D002644F7 /* ReplyController.m */; };
		19B6929C16A4F0DB004B0374 /* main.m in Sources */ = {isa = PBXBuildFile; fileRef = 193F0711169E686E005D60DD /* main.m */; };
		19B6929D16A4F0DB004B0374 /* LKAppDelegate.m in Sources */ = {isa = PBXBuildFile; fileRef = 193F0715169E686E005D60DD /* LKAppDelegate.m */; };
		19B6929E16A4F0DB004B0374 /* ASIAuthenticationDialog.m in Sources */ = {isa = PBXBuildFile; fileRef = 193F0773169E7586005D60DD /* ASIAuthenticationDialog.m */; settings = {COMPILER_FLAGS = "-fno-objc-arc"; }; };
		19B6929F16A4F0DB004B0374 /* ASIDataCompressor.m in Sources */ = {isa = PBXBuildFile; fileRef = 193F0776169E7586005D60DD /* ASIDataCompressor.m */; settings = {COMPILER_FLAGS = "-fno-objc-arc"; }; };
		19B692A016A4F0DB004B0374 /* ASIDataDecompressor.m in Sources */ = {isa = PBXBuildFile; fileRef = 193F0778169E7586005D60DD /* ASIDataDecompressor.m */; settings = {COMPILER_FLAGS = "-fno-objc-arc"; }; };
		19B692A116A4F0DB004B0374 /* ASIDownloadCache.m in Sources */ = {isa = PBXBuildFile; fileRef = 193F077A169E7586005D60DD /* ASIDownloadCache.m */; settings = {COMPILER_FLAGS = "-fno-objc-arc"; }; };
		19B692A216A4F0DB004B0374 /* ASIFormDataRequest.m in Sources */ = {isa = PBXBuildFile; fileRef = 193F077C169E7586005D60DD /* ASIFormDataRequest.m */; settings = {COMPILER_FLAGS = "-fno-objc-arc"; }; };
		19B692A316A4F0DB004B0374 /* ASIHTTPRequest.m in Sources */ = {isa = PBXBuildFile; fileRef = 193F077E169E7586005D60DD /* ASIHTTPRequest.m */; settings = {COMPILER_FLAGS = "-fno-objc-arc"; }; };
		19B692A416A4F0DB004B0374 /* ASIInputStream.m in Sources */ = {isa = PBXBuildFile; fileRef = 193F0782169E7586005D60DD /* ASIInputStream.m */; settings = {COMPILER_FLAGS = "-fno-objc-arc"; }; };
		19B692A516A4F0DB004B0374 /* ASINetworkQueue.m in Sources */ = {isa = PBXBuildFile; fileRef = 193F0784169E7586005D60DD /* ASINetworkQueue.m */; settings = {COMPILER_FLAGS = "-fno-objc-arc"; }; };
		19B692A616A4F0DB004B0374 /* Jastor.m in Sources */ = {isa = PBXBuildFile; fileRef = 193F0788169E7586005D60DD /* Jastor.m */; settings = {COMPILER_FLAGS = "-fno-objc-arc"; }; };
		19B692A716A4F0DB004B0374 /* JastorRuntimeHelper.m in Sources */ = {isa = PBXBuildFile; fileRef = 193F078A169E7586005D60DD /* JastorRuntimeHelper.m */; settings = {COMPILER_FLAGS = "-fno-objc-arc"; }; };
		19B692A816A4F0DB004B0374 /* Reachability.m in Sources */ = {isa = PBXBuildFile; fileRef = 193F078D169E7586005D60DD /* Reachability.m */; settings = {COMPILER_FLAGS = "-fno-objc-arc"; }; };
		19B692A916A4F0DB004B0374 /* LKNavigationController.m in Sources */ = {isa = PBXBuildFile; fileRef = 193F07B2169EA3AE005D60DD /* LKNavigationController.m */; };
		19B692AA16A4F0DB004B0374 /* UICentre.m in Sources */ = {isa = PBXBuildFile; fileRef = 193F07B6169EAAFD005D60DD /* UICentre.m */; };
		19B692AB16A4F0DB004B0374 /* LKTabBarController.m in Sources */ = {isa = PBXBuildFile; fileRef = 193F07BA169EB4A6005D60DD /* LKTabBarController.m */; };
		19B692AC16A4F0DB004B0374 /* LKDebugTool.m in Sources */ = {isa = PBXBuildFile; fileRef = 19C4D09D169FAF0F000610A6 /* LKDebugTool.m */; };
		19B692AD16A4F0DB004B0374 /* LoginController.m in Sources */ = {isa = PBXBuildFile; fileRef = 19C4D0A1169FBE5F000610A6 /* LoginController.m */; };
		19B692AE16A4F0DB004B0374 /* LKViewController.m in Sources */ = {isa = PBXBuildFile; fileRef = 19B48F2A16A01030009FFC09 /* LKViewController.m */; };
		19B692AF16A4F0DB004B0374 /* LKHTTPRequest.m in Sources */ = {isa = PBXBuildFile; fileRef = 19CA4CA816A1107A00812EE8 /* LKHTTPRequest.m */; };
		19B692B016A4F0DB004B0374 /* ConfigCentre.m in Sources */ = {isa = PBXBuildFile; fileRef = 19CA4CB016A1152C00812EE8 /* ConfigCentre.m */; };
		19B692B116A4F0DB004B0374 /* handyTool.m in Sources */ = {isa = PBXBuildFile; fileRef = 19CA4CB716A13D8800812EE8 /* handyTool.m */; };
		19B692B216A4F0DB004B0374 /* LoginResponse.m in Sources */ = {isa = PBXBuildFile; fileRef = 19CA4CBA16A1467E00812EE8 /* LoginResponse.m */; };
		19B692B316A4F0DB004B0374 /* UserCentre.m in Sources */ = {isa = PBXBuildFile; fileRef = 19CA4CBD16A1616200812EE8 /* UserCentre.m */; };
		19B692B416A4F0DB004B0374 /* PersonalController.m in Sources */ = {isa = PBXBuildFile; fileRef = 19E32FA216A3E15F00B5A5F2 /* PersonalController.m */; };
		19B692B516A4F0DB004B0374 /* SettingController.m in Sources */ = {isa = PBXBuildFile; fileRef = 19E32FAA16A3F54400B5A5F2 /* SettingController.m */; };
		19B692B716A4F0DB004B0374 /* libz.dylib in Frameworks */ = {isa = PBXBuildFile; fileRef = 193F079F169E8EF0005D60DD /* libz.dylib */; };
		19B692B816A4F0DB004B0374 /* MobileCoreServices.framework in Frameworks */ = {isa = PBXBuildFile; fileRef = 193F079D169E8EDC005D60DD /* MobileCoreServices.framework */; };
		19B692B916A4F0DB004B0374 /* SystemConfiguration.framework in Frameworks */ = {isa = PBXBuildFile; fileRef = 193F079B169E8ED0005D60DD /* SystemConfiguration.framework */; };
		19B692BA16A4F0DB004B0374 /* CFNetwork.framework in Frameworks */ = {isa = PBXBuildFile; fileRef = 193F0799169E8E61005D60DD /* CFNetwork.framework */; };
		19B692BB16A4F0DB004B0374 /* UIKit.framework in Frameworks */ = {isa = PBXBuildFile; fileRef = 193F0705169E686E005D60DD /* UIKit.framework */; };
		19B692BC16A4F0DB004B0374 /* Foundation.framework in Frameworks */ = {isa = PBXBuildFile; fileRef = 193F0707169E686E005D60DD /* Foundation.framework */; };
		19B692BD16A4F0DB004B0374 /* CoreGraphics.framework in Frameworks */ = {isa = PBXBuildFile; fileRef = 193F0709169E686E005D60DD /* CoreGraphics.framework */; };
		19B692BF16A4F0DB004B0374 /* Default.png in Resources */ = {isa = PBXBuildFile; fileRef = 193F0717169E686E005D60DD /* Default.png */; };
		19B692C016A4F0DB004B0374 /* Default@2x.png in Resources */ = {isa = PBXBuildFile; fileRef = 193F0719169E686E005D60DD /* Default@2x.png */; };
		19B692C116A4F0DB004B0374 /* Default-568h@2x.png in Resources */ = {isa = PBXBuildFile; fileRef = 193F071B169E686E005D60DD /* Default-568h@2x.png */; };
		19B692C216A4F0DB004B0374 /* Localizable.strings in Resources */ = {isa = PBXBuildFile; fileRef = 19B48F2C16A01698009FFC09 /* Localizable.strings */; };
		19C4D09E169FAF0F000610A6 /* LKDebugTool.m in Sources */ = {isa = PBXBuildFile; fileRef = 19C4D09D169FAF0F000610A6 /* LKDebugTool.m */; };
		19C4D0A2169FBE5F000610A6 /* LoginController.m in Sources */ = {isa = PBXBuildFile; fileRef = 19C4D0A1169FBE5F000610A6 /* LoginController.m */; };
		19CA4CA916A1107A00812EE8 /* LKHTTPRequest.m in Sources */ = {isa = PBXBuildFile; fileRef = 19CA4CA816A1107A00812EE8 /* LKHTTPRequest.m */; };
		19CA4CB116A1152C00812EE8 /* ConfigCentre.m in Sources */ = {isa = PBXBuildFile; fileRef = 19CA4CB016A1152C00812EE8 /* ConfigCentre.m */; };
		19CA4CB816A13D8800812EE8 /* handyTool.m in Sources */ = {isa = PBXBuildFile; fileRef = 19CA4CB716A13D8800812EE8 /* handyTool.m */; };
		19CA4CBB16A1467E00812EE8 /* LoginResponse.m in Sources */ = {isa = PBXBuildFile; fileRef = 19CA4CBA16A1467E00812EE8 /* LoginResponse.m */; };
		19CA4CBE16A1616200812EE8 /* UserCentre.m in Sources */ = {isa = PBXBuildFile; fileRef = 19CA4CBD16A1616200812EE8 /* UserCentre.m */; };
		19CE665C16AF84E1001DD00E /* EGORefreshTableHeaderView.m in Sources */ = {isa = PBXBuildFile; fileRef = 19CE665216AF84E1001DD00E /* EGORefreshTableHeaderView.m */; settings = {COMPILER_FLAGS = "-fno-objc-arc"; }; };
		19CE665D16AF84E1001DD00E /* EGORefreshTableHeaderView.m in Sources */ = {isa = PBXBuildFile; fileRef = 19CE665216AF84E1001DD00E /* EGORefreshTableHeaderView.m */; settings = {COMPILER_FLAGS = "-fno-objc-arc"; }; };
		19CE665E16AF84E1001DD00E /* blackArrow.png in Resources */ = {isa = PBXBuildFile; fileRef = 19CE665416AF84E1001DD00E /* blackArrow.png */; };
		19CE665F16AF84E1001DD00E /* blackArrow.png in Resources */ = {isa = PBXBuildFile; fileRef = 19CE665416AF84E1001DD00E /* blackArrow.png */; };
		19CE666016AF84E1001DD00E /* blackArrow@2x.png in Resources */ = {isa = PBXBuildFile; fileRef = 19CE665516AF84E1001DD00E /* blackArrow@2x.png */; };
		19CE666116AF84E1001DD00E /* blackArrow@2x.png in Resources */ = {isa = PBXBuildFile; fileRef = 19CE665516AF84E1001DD00E /* blackArrow@2x.png */; };
		19CE666216AF84E1001DD00E /* blueArrow.png in Resources */ = {isa = PBXBuildFile; fileRef = 19CE665616AF84E1001DD00E /* blueArrow.png */; };
		19CE666316AF84E1001DD00E /* blueArrow.png in Resources */ = {isa = PBXBuildFile; fileRef = 19CE665616AF84E1001DD00E /* blueArrow.png */; };
		19CE666416AF84E1001DD00E /* blueArrow@2x.png in Resources */ = {isa = PBXBuildFile; fileRef = 19CE665716AF84E1001DD00E /* blueArrow@2x.png */; };
		19CE666516AF84E1001DD00E /* blueArrow@2x.png in Resources */ = {isa = PBXBuildFile; fileRef = 19CE665716AF84E1001DD00E /* blueArrow@2x.png */; };
		19CE666616AF84E1001DD00E /* grayArrow.png in Resources */ = {isa = PBXBuildFile; fileRef = 19CE665816AF84E1001DD00E /* grayArrow.png */; };
		19CE666716AF84E1001DD00E /* grayArrow.png in Resources */ = {isa = PBXBuildFile; fileRef = 19CE665816AF84E1001DD00E /* grayArrow.png */; };
		19CE666816AF84E1001DD00E /* grayArrow@2x.png in Resources */ = {isa = PBXBuildFile; fileRef = 19CE665916AF84E1001DD00E /* grayArrow@2x.png */; };
		19CE666916AF84E1001DD00E /* grayArrow@2x.png in Resources */ = {isa = PBXBuildFile; fileRef = 19CE665916AF84E1001DD00E /* grayArrow@2x.png */; };
		19CE666A16AF84E1001DD00E /* whiteArrow.png in Resources */ = {isa = PBXBuildFile; fileRef = 19CE665A16AF84E1001DD00E /* whiteArrow.png */; };
		19CE666B16AF84E1001DD00E /* whiteArrow.png in Resources */ = {isa = PBXBuildFile; fileRef = 19CE665A16AF84E1001DD00E /* whiteArrow.png */; };
		19CE666C16AF84E1001DD00E /* whiteArrow@2x.png in Resources */ = {isa = PBXBuildFile; fileRef = 19CE665B16AF84E1001DD00E /* whiteArrow@2x.png */; };
		19CE666D16AF84E1001DD00E /* whiteArrow@2x.png in Resources */ = {isa = PBXBuildFile; fileRef = 19CE665B16AF84E1001DD00E /* whiteArrow@2x.png */; };
		19CE667316AF8B23001DD00E /* QuartzCore.framework in Frameworks */ = {isa = PBXBuildFile; fileRef = 19CE667216AF8B23001DD00E /* QuartzCore.framework */; };
		19CE667416AF8B4B001DD00E /* QuartzCore.framework in Frameworks */ = {isa = PBXBuildFile; fileRef = 19CE667216AF8B23001DD00E /* QuartzCore.framework */; };
		19CE667B16AFB397001DD00E /* ProfileLinkeeController.m in Sources */ = {isa = PBXBuildFile; fileRef = 19CE667A16AFB397001DD00E /* ProfileLinkeeController.m */; };
		19CE667C16AFB397001DD00E /* ProfileLinkeeController.m in Sources */ = {isa = PBXBuildFile; fileRef = 19CE667A16AFB397001DD00E /* ProfileLinkeeController.m */; };
		19CE668016AFCCB8001DD00E /* LinkeeDetailController.m in Sources */ = {isa = PBXBuildFile; fileRef = 19CE667F16AFCCB8001DD00E /* LinkeeDetailController.m */; };
		19CE668116AFCCB8001DD00E /* LinkeeDetailController.m in Sources */ = {isa = PBXBuildFile; fileRef = 19CE667F16AFCCB8001DD00E /* LinkeeDetailController.m */; };
		19CE668416AFF0CB001DD00E /* ReplyStreamController.m in Sources */ = {isa = PBXBuildFile; fileRef = 19CE668316AFF0CB001DD00E /* ReplyStreamController.m */; };
		19CE668516AFF0CB001DD00E /* ReplyStreamController.m in Sources */ = {isa = PBXBuildFile; fileRef = 19CE668316AFF0CB001DD00E /* ReplyStreamController.m */; };
		19E20B5B16A6560C00313036 /* TaskCentre.m in Sources */ = {isa = PBXBuildFile; fileRef = 19E20B5A16A6560C00313036 /* TaskCentre.m */; };
		19E20B5C16A6560C00313036 /* TaskCentre.m in Sources */ = {isa = PBXBuildFile; fileRef = 19E20B5A16A6560C00313036 /* TaskCentre.m */; };
		19E20B5F16A6601600313036 /* STKeychain.m in Sources */ = {isa = PBXBuildFile; fileRef = 19E20B5E16A6601600313036 /* STKeychain.m */; settings = {COMPILER_FLAGS = "-fno-objc-arc"; }; };
		19E20B6016A6601600313036 /* STKeychain.m in Sources */ = {isa = PBXBuildFile; fileRef = 19E20B5E16A6601600313036 /* STKeychain.m */; settings = {COMPILER_FLAGS = "-fno-objc-arc"; }; };
		19E20B6216A6623F00313036 /* Security.framework in Frameworks */ = {isa = PBXBuildFile; fileRef = 19FE6AC416A4F74C003CEE1C /* Security.framework */; };
		19E20B6616A69B8E00313036 /* LinkeeViewController.m in Sources */ = {isa = PBXBuildFile; fileRef = 19E20B6516A69B8E00313036 /* LinkeeViewController.m */; };
		19E20B6716A69B8E00313036 /* LinkeeViewController.m in Sources */ = {isa = PBXBuildFile; fileRef = 19E20B6516A69B8E00313036 /* LinkeeViewController.m */; };
		19E20B6F16A6BC9B00313036 /* JsonObj.m in Sources */ = {isa = PBXBuildFile; fileRef = 19E20B6E16A6BC9B00313036 /* JsonObj.m */; };
		19E20B7016A6BC9B00313036 /* JsonObj.m in Sources */ = {isa = PBXBuildFile; fileRef = 19E20B6E16A6BC9B00313036 /* JsonObj.m */; };
		19E32FA316A3E15F00B5A5F2 /* PersonalController.m in Sources */ = {isa = PBXBuildFile; fileRef = 19E32FA216A3E15F00B5A5F2 /* PersonalController.m */; };
		19E32FAB16A3F54400B5A5F2 /* SettingController.m in Sources */ = {isa = PBXBuildFile; fileRef = 19E32FAA16A3F54400B5A5F2 /* SettingController.m */; };
		19EF00BA16B7731F001964D3 /* TTTAttributedLabel.m in Sources */ = {isa = PBXBuildFile; fileRef = 19EF00B916B7731F001964D3 /* TTTAttributedLabel.m */; };
		19EF00BB16B7731F001964D3 /* TTTAttributedLabel.m in Sources */ = {isa = PBXBuildFile; fileRef = 19EF00B916B7731F001964D3 /* TTTAttributedLabel.m */; };
		19EF00BD16B77C11001964D3 /* CoreText.framework in Frameworks */ = {isa = PBXBuildFile; fileRef = 19EF00BC16B77C11001964D3 /* CoreText.framework */; };
		19EF00BE16B77C27001964D3 /* CoreText.framework in Frameworks */ = {isa = PBXBuildFile; fileRef = 19EF00BC16B77C11001964D3 /* CoreText.framework */; };
		19F1CD0D16B29669000BF832 /* MBProgressHUD.m in Sources */ = {isa = PBXBuildFile; fileRef = 19F1CD0C16B29669000BF832 /* MBProgressHUD.m */; };
		19F1CD0E16B29669000BF832 /* MBProgressHUD.m in Sources */ = {isa = PBXBuildFile; fileRef = 19F1CD0C16B29669000BF832 /* MBProgressHUD.m */; };
		19FE6ABC16A4F5C7003CEE1C /* libPonyDebugger.a in Frameworks */ = {isa = PBXBuildFile; fileRef = 19B6929516A4F097004B0374 /* libPonyDebugger.a */; };
		19FE6ABE16A4F5C8003CEE1C /* libSocketRocket.a in Frameworks */ = {isa = PBXBuildFile; fileRef = 19FE6ABD16A4F5C7003CEE1C /* libSocketRocket.a */; };
		19FE6AC016A4F6B3003CEE1C /* libicucore.dylib in Frameworks */ = {isa = PBXBuildFile; fileRef = 19FE6ABF16A4F6B3003CEE1C /* libicucore.dylib */; };
		19FE6AC316A4F733003CEE1C /* CoreData.framework in Frameworks */ = {isa = PBXBuildFile; fileRef = 19FE6AC216A4F733003CEE1C /* CoreData.framework */; };
		19FE6AC516A4F74C003CEE1C /* Security.framework in Frameworks */ = {isa = PBXBuildFile; fileRef = 19FE6AC416A4F74C003CEE1C /* Security.framework */; };
		19FE6AE216A50A80003CEE1C /* PersonProfile.m in Sources */ = {isa = PBXBuildFile; fileRef = 19FE6AE116A50A80003CEE1C /* PersonProfile.m */; };
		19FE6AE316A50A80003CEE1C /* PersonProfile.m in Sources */ = {isa = PBXBuildFile; fileRef = 19FE6AE116A50A80003CEE1C /* PersonProfile.m */; };
/* End PBXBuildFile section */

/* Begin PBXContainerItemProxy section */
		19B6929416A4F097004B0374 /* PBXContainerItemProxy */ = {
			isa = PBXContainerItemProxy;
			containerPortal = 19B6928816A4F096004B0374 /* PonyDebugger.xcodeproj */;
			proxyType = 2;
			remoteGlobalIDString = F683ADAC14FC1B4C008EBBA7;
			remoteInfo = PonyDebugger;
		};
		19FE6ABA16A4F569003CEE1C /* PBXContainerItemProxy */ = {
			isa = PBXContainerItemProxy;
			containerPortal = 19B6928816A4F096004B0374 /* PonyDebugger.xcodeproj */;
			proxyType = 1;
			remoteGlobalIDString = F683ADAB14FC1B4C008EBBA7;
			remoteInfo = PonyDebugger;
		};
/* End PBXContainerItemProxy section */

/* Begin PBXFileReference section */
		193F0701169E686E005D60DD /* Pyramid.app */ = {isa = PBXFileReference; explicitFileType = wrapper.application; includeInIndex = 0; path = Pyramid.app; sourceTree = BUILT_PRODUCTS_DIR; };
		193F0705169E686E005D60DD /* UIKit.framework */ = {isa = PBXFileReference; lastKnownFileType = wrapper.framework; name = UIKit.framework; path = System/Library/Frameworks/UIKit.framework; sourceTree = SDKROOT; };
		193F0707169E686E005D60DD /* Foundation.framework */ = {isa = PBXFileReference; lastKnownFileType = wrapper.framework; name = Foundation.framework; path = System/Library/Frameworks/Foundation.framework; sourceTree = SDKROOT; };
		193F0709169E686E005D60DD /* CoreGraphics.framework */ = {isa = PBXFileReference; lastKnownFileType = wrapper.framework; name = CoreGraphics.framework; path = System/Library/Frameworks/CoreGraphics.framework; sourceTree = SDKROOT; };
		193F070D169E686E005D60DD /* Pyramid-Info.plist */ = {isa = PBXFileReference; lastKnownFileType = text.plist.xml; path = "Pyramid-Info.plist"; sourceTree = "<group>"; };
		193F0711169E686E005D60DD /* main.m */ = {isa = PBXFileReference; lastKnownFileType = sourcecode.c.objc; path = main.m; sourceTree = "<group>"; };
		193F0713169E686E005D60DD /* Pyramid-Prefix.pch */ = {isa = PBXFileReference; lastKnownFileType = sourcecode.c.h; path = "Pyramid-Prefix.pch"; sourceTree = "<group>"; };
		193F0714169E686E005D60DD /* LKAppDelegate.h */ = {isa = PBXFileReference; lastKnownFileType = sourcecode.c.h; path = LKAppDelegate.h; sourceTree = "<group>"; };
		193F0715169E686E005D60DD /* LKAppDelegate.m */ = {isa = PBXFileReference; lastKnownFileType = sourcecode.c.objc; path = LKAppDelegate.m; sourceTree = "<group>"; };
		193F0717169E686E005D60DD /* Default.png */ = {isa = PBXFileReference; lastKnownFileType = image.png; path = Default.png; sourceTree = "<group>"; };
		193F0719169E686E005D60DD /* Default@2x.png */ = {isa = PBXFileReference; lastKnownFileType = image.png; path = "Default@2x.png"; sourceTree = "<group>"; };
		193F071B169E686E005D60DD /* Default-568h@2x.png */ = {isa = PBXFileReference; lastKnownFileType = image.png; path = "Default-568h@2x.png"; sourceTree = "<group>"; };
		193F0772169E7586005D60DD /* ASIAuthenticationDialog.h */ = {isa = PBXFileReference; fileEncoding = 4; lastKnownFileType = sourcecode.c.h; path = ASIAuthenticationDialog.h; sourceTree = "<group>"; };
		193F0773169E7586005D60DD /* ASIAuthenticationDialog.m */ = {isa = PBXFileReference; fileEncoding = 4; lastKnownFileType = sourcecode.c.objc; path = ASIAuthenticationDialog.m; sourceTree = "<group>"; };
		193F0774169E7586005D60DD /* ASICacheDelegate.h */ = {isa = PBXFileReference; fileEncoding = 4; lastKnownFileType = sourcecode.c.h; path = ASICacheDelegate.h; sourceTree = "<group>"; };
		193F0775169E7586005D60DD /* ASIDataCompressor.h */ = {isa = PBXFileReference; fileEncoding = 4; lastKnownFileType = sourcecode.c.h; path = ASIDataCompressor.h; sourceTree = "<group>"; };
		193F0776169E7586005D60DD /* ASIDataCompressor.m */ = {isa = PBXFileReference; fileEncoding = 4; lastKnownFileType = sourcecode.c.objc; path = ASIDataCompressor.m; sourceTree = "<group>"; };
		193F0777169E7586005D60DD /* ASIDataDecompressor.h */ = {isa = PBXFileReference; fileEncoding = 4; lastKnownFileType = sourcecode.c.h; path = ASIDataDecompressor.h; sourceTree = "<group>"; };
		193F0778169E7586005D60DD /* ASIDataDecompressor.m */ = {isa = PBXFileReference; fileEncoding = 4; lastKnownFileType = sourcecode.c.objc; path = ASIDataDecompressor.m; sourceTree = "<group>"; };
		193F0779169E7586005D60DD /* ASIDownloadCache.h */ = {isa = PBXFileReference; fileEncoding = 4; lastKnownFileType = sourcecode.c.h; path = ASIDownloadCache.h; sourceTree = "<group>"; };
		193F077A169E7586005D60DD /* ASIDownloadCache.m */ = {isa = PBXFileReference; fileEncoding = 4; lastKnownFileType = sourcecode.c.objc; path = ASIDownloadCache.m; sourceTree = "<group>"; };
		193F077B169E7586005D60DD /* ASIFormDataRequest.h */ = {isa = PBXFileReference; fileEncoding = 4; lastKnownFileType = sourcecode.c.h; path = ASIFormDataRequest.h; sourceTree = "<group>"; };
		193F077C169E7586005D60DD /* ASIFormDataRequest.m */ = {isa = PBXFileReference; fileEncoding = 4; lastKnownFileType = sourcecode.c.objc; path = ASIFormDataRequest.m; sourceTree = "<group>"; };
		193F077D169E7586005D60DD /* ASIHTTPRequest.h */ = {isa = PBXFileReference; fileEncoding = 4; lastKnownFileType = sourcecode.c.h; path = ASIHTTPRequest.h; sourceTree = "<group>"; };
		193F077E169E7586005D60DD /* ASIHTTPRequest.m */ = {isa = PBXFileReference; fileEncoding = 4; lastKnownFileType = sourcecode.c.objc; path = ASIHTTPRequest.m; sourceTree = "<group>"; };
		193F077F169E7586005D60DD /* ASIHTTPRequestConfig.h */ = {isa = PBXFileReference; fileEncoding = 4; lastKnownFileType = sourcecode.c.h; path = ASIHTTPRequestConfig.h; sourceTree = "<group>"; };
		193F0780169E7586005D60DD /* ASIHTTPRequestDelegate.h */ = {isa = PBXFileReference; fileEncoding = 4; lastKnownFileType = sourcecode.c.h; path = ASIHTTPRequestDelegate.h; sourceTree = "<group>"; };
		193F0781169E7586005D60DD /* ASIInputStream.h */ = {isa = PBXFileReference; fileEncoding = 4; lastKnownFileType = sourcecode.c.h; path = ASIInputStream.h; sourceTree = "<group>"; };
		193F0782169E7586005D60DD /* ASIInputStream.m */ = {isa = PBXFileReference; fileEncoding = 4; lastKnownFileType = sourcecode.c.objc; path = ASIInputStream.m; sourceTree = "<group>"; };
		193F0783169E7586005D60DD /* ASINetworkQueue.h */ = {isa = PBXFileReference; fileEncoding = 4; lastKnownFileType = sourcecode.c.h; path = ASINetworkQueue.h; sourceTree = "<group>"; };
		193F0784169E7586005D60DD /* ASINetworkQueue.m */ = {isa = PBXFileReference; fileEncoding = 4; lastKnownFileType = sourcecode.c.objc; path = ASINetworkQueue.m; sourceTree = "<group>"; };
		193F0785169E7586005D60DD /* ASIProgressDelegate.h */ = {isa = PBXFileReference; fileEncoding = 4; lastKnownFileType = sourcecode.c.h; path = ASIProgressDelegate.h; sourceTree = "<group>"; };
		193F0787169E7586005D60DD /* Jastor.h */ = {isa = PBXFileReference; fileEncoding = 4; lastKnownFileType = sourcecode.c.h; path = Jastor.h; sourceTree = "<group>"; };
		193F0788169E7586005D60DD /* Jastor.m */ = {isa = PBXFileReference; fileEncoding = 4; lastKnownFileType = sourcecode.c.objc; path = Jastor.m; sourceTree = "<group>"; };
		193F0789169E7586005D60DD /* JastorRuntimeHelper.h */ = {isa = PBXFileReference; fileEncoding = 4; lastKnownFileType = sourcecode.c.h; path = JastorRuntimeHelper.h; sourceTree = "<group>"; };
		193F078A169E7586005D60DD /* JastorRuntimeHelper.m */ = {isa = PBXFileReference; fileEncoding = 4; lastKnownFileType = sourcecode.c.objc; path = JastorRuntimeHelper.m; sourceTree = "<group>"; };
		193F078C169E7586005D60DD /* Reachability.h */ = {isa = PBXFileReference; fileEncoding = 4; lastKnownFileType = sourcecode.c.h; path = Reachability.h; sourceTree = "<group>"; };
		193F078D169E7586005D60DD /* Reachability.m */ = {isa = PBXFileReference; fileEncoding = 4; lastKnownFileType = sourcecode.c.objc; path = Reachability.m; sourceTree = "<group>"; };
		193F0799169E8E61005D60DD /* CFNetwork.framework */ = {isa = PBXFileReference; lastKnownFileType = wrapper.framework; name = CFNetwork.framework; path = System/Library/Frameworks/CFNetwork.framework; sourceTree = SDKROOT; };
		193F079B169E8ED0005D60DD /* SystemConfiguration.framework */ = {isa = PBXFileReference; lastKnownFileType = wrapper.framework; name = SystemConfiguration.framework; path = System/Library/Frameworks/SystemConfiguration.framework; sourceTree = SDKROOT; };
		193F079D169E8EDC005D60DD /* MobileCoreServices.framework */ = {isa = PBXFileReference; lastKnownFileType = wrapper.framework; name = MobileCoreServices.framework; path = System/Library/Frameworks/MobileCoreServices.framework; sourceTree = SDKROOT; };
		193F079F169E8EF0005D60DD /* libz.dylib */ = {isa = PBXFileReference; lastKnownFileType = "compiled.mach-o.dylib"; name = libz.dylib; path = usr/lib/libz.dylib; sourceTree = SDKROOT; };
		193F07B1169EA3AE005D60DD /* LKNavigationController.h */ = {isa = PBXFileReference; fileEncoding = 4; lastKnownFileType = sourcecode.c.h; path = LKNavigationController.h; sourceTree = "<group>"; };
		193F07B2169EA3AE005D60DD /* LKNavigationController.m */ = {isa = PBXFileReference; fileEncoding = 4; lastKnownFileType = sourcecode.c.objc; path = LKNavigationController.m; sourceTree = "<group>"; };
		193F07B5169EAAFD005D60DD /* UICentre.h */ = {isa = PBXFileReference; fileEncoding = 4; lastKnownFileType = sourcecode.c.h; name = UICentre.h; path = centre/UICentre.h; sourceTree = "<group>"; };
		193F07B6169EAAFD005D60DD /* UICentre.m */ = {isa = PBXFileReference; fileEncoding = 4; lastKnownFileType = sourcecode.c.objc; name = UICentre.m; path = centre/UICentre.m; sourceTree = "<group>"; };
		193F07B8169EACE5005D60DD /* LKCommonImport.h */ = {isa = PBXFileReference; lastKnownFileType = sourcecode.c.h; path = LKCommonImport.h; sourceTree = "<group>"; };
		193F07B9169EB4A6005D60DD /* LKTabBarController.h */ = {isa = PBXFileReference; fileEncoding = 4; lastKnownFileType = sourcecode.c.h; path = LKTabBarController.h; sourceTree = "<group>"; };
		193F07BA169EB4A6005D60DD /* LKTabBarController.m */ = {isa = PBXFileReference; fileEncoding = 4; lastKnownFileType = sourcecode.c.objc; path = LKTabBarController.m; sourceTree = "<group>"; };
		19A937E016AA4E580076DE9B /* LKTableController.h */ = {isa = PBXFileReference; fileEncoding = 4; lastKnownFileType = sourcecode.c.h; path = LKTableController.h; sourceTree = "<group>"; };
		19A937E116AA4E580076DE9B /* LKTableController.m */ = {isa = PBXFileReference; fileEncoding = 4; lastKnownFileType = sourcecode.c.objc; path = LKTableController.m; sourceTree = "<group>"; };
		19A937EC16AA7DD40076DE9B /* LinkeeStreamController.h */ = {isa = PBXFileReference; fileEncoding = 4; lastKnownFileType = sourcecode.c.h; path = LinkeeStreamController.h; sourceTree = "<group>"; };
		19A937ED16AA7DD40076DE9B /* LinkeeStreamController.m */ = {isa = PBXFileReference; fileEncoding = 4; lastKnownFileType = sourcecode.c.objc; path = LinkeeStreamController.m; sourceTree = "<group>"; };
		19A937F016AA7ECB0076DE9B /* LinkeeExploreController.h */ = {isa = PBXFileReference; fileEncoding = 4; lastKnownFileType = sourcecode.c.h; path = LinkeeExploreController.h; sourceTree = "<group>"; };
		19A937F116AA7ECB0076DE9B /* LinkeeExploreController.m */ = {isa = PBXFileReference; fileEncoding = 4; lastKnownFileType = sourcecode.c.objc; path = LinkeeExploreController.m; sourceTree = "<group>"; };
		19A937F416AA7EEB0076DE9B /* LinkeeNewsController.h */ = {isa = PBXFileReference; fileEncoding = 4; lastKnownFileType = sourcecode.c.h; path = LinkeeNewsController.h; sourceTree = "<group>"; };
		19A937F516AA7EEB0076DE9B /* LinkeeNewsController.m */ = {isa = PBXFileReference; fileEncoding = 4; lastKnownFileType = sourcecode.c.objc; path = LinkeeNewsController.m; sourceTree = "<group>"; };
		19AD481516AE97DA00B5BA02 /* PeopleStreamController.h */ = {isa = PBXFileReference; fileEncoding = 4; lastKnownFileType = sourcecode.c.h; path = PeopleStreamController.h; sourceTree = "<group>"; };
		19AD481616AE97DA00B5BA02 /* PeopleStreamController.m */ = {isa = PBXFileReference; fileEncoding = 4; lastKnownFileType = sourcecode.c.objc; path = PeopleStreamController.m; sourceTree = "<group>"; };
		19ADECF916B8EB0C007AA4F9 /* ExpStreamBaseController.h */ = {isa = PBXFileReference; fileEncoding = 4; lastKnownFileType = sourcecode.c.h; path = ExpStreamBaseController.h; sourceTree = "<group>"; };
		19ADECFA16B8EB0C007AA4F9 /* ExpStreamBaseController.m */ = {isa = PBXFileReference; fileEncoding = 4; lastKnownFileType = sourcecode.c.objc; path = ExpStreamBaseController.m; sourceTree = "<group>"; };
		19ADECFD16B91195007AA4F9 /* HostedExpStreamController.h */ = {isa = PBXFileReference; fileEncoding = 4; lastKnownFileType = sourcecode.c.h; path = HostedExpStreamController.h; sourceTree = "<group>"; };
		19ADECFE16B91195007AA4F9 /* HostedExpStreamController.m */ = {isa = PBXFileReference; fileEncoding = 4; lastKnownFileType = sourcecode.c.objc; path = HostedExpStreamController.m; sourceTree = "<group>"; };
		19ADED0216B91731007AA4F9 /* icon.png */ = {isa = PBXFileReference; lastKnownFileType = image.png; path = icon.png; sourceTree = "<group>"; };
		19ADED0316B91731007AA4F9 /* icon@2x.png */ = {isa = PBXFileReference; lastKnownFileType = image.png; path = "icon@2x.png"; sourceTree = "<group>"; };
		19ADED1816B926D1007AA4F9 /* WatchedExpStreamController.h */ = {isa = PBXFileReference; fileEncoding = 4; lastKnownFileType = sourcecode.c.h; path = WatchedExpStreamController.h; sourceTree = "<group>"; };
		19ADED1916B926D1007AA4F9 /* WatchedExpStreamController.m */ = {isa = PBXFileReference; fileEncoding = 4; lastKnownFileType = sourcecode.c.objc; path = WatchedExpStreamController.m; sourceTree = "<group>"; };
		19B01D5216B0FABF00C7D41F /* ExperienceStreamController.h */ = {isa = PBXFileReference; fileEncoding = 4; lastKnownFileType = sourcecode.c.h; path = ExperienceStreamController.h; sourceTree = "<group>"; };
		19B01D5316B0FABF00C7D41F /* ExperienceStreamController.m */ = {isa = PBXFileReference; fileEncoding = 4; lastKnownFileType = sourcecode.c.objc; path = ExperienceStreamController.m; sourceTree = "<group>"; };
		19B01D5716B1172000C7D41F /* ExperienceController.h */ = {isa = PBXFileReference; fileEncoding = 4; lastKnownFileType = sourcecode.c.h; path = ExperienceController.h; sourceTree = "<group>"; };
		19B01D5816B1172000C7D41F /* ExperienceController.m */ = {isa = PBXFileReference; fileEncoding = 4; lastKnownFileType = sourcecode.c.objc; path = ExperienceController.m; sourceTree = "<group>"; };
		19B01D5C16B1219800C7D41F /* NewLinkeeController.h */ = {isa = PBXFileReference; fileEncoding = 4; lastKnownFileType = sourcecode.c.h; path = NewLinkeeController.h; sourceTree = "<group>"; };
		19B01D5D16B1219800C7D41F /* NewLinkeeController.m */ = {isa = PBXFileReference; fileEncoding = 4; lastKnownFileType = sourcecode.c.objc; path = NewLinkeeController.m; sourceTree = "<group>"; };
		19B0BAE116A93C2700A8BB02 /* LKView.h */ = {isa = PBXFileReference; fileEncoding = 4; lastKnownFileType = sourcecode.c.h; path = LKView.h; sourceTree = "<group>"; };
		19B0BAE216A93C2700A8BB02 /* LKView.m */ = {isa = PBXFileReference; fileEncoding = 4; lastKnownFileType = sourcecode.c.objc; path = LKView.m; sourceTree = "<group>"; };
		19B0BAE916A94A7F00A8BB02 /* LinkeeTopTabView.h */ = {isa = PBXFileReference; fileEncoding = 4; lastKnownFileType = sourcecode.c.h; path = LinkeeTopTabView.h; sourceTree = "<group>"; };
		19B0BAEA16A94A7F00A8BB02 /* LinkeeTopTabView.m */ = {isa = PBXFileReference; fileEncoding = 4; lastKnownFileType = sourcecode.c.objc; path = LinkeeTopTabView.m; sourceTree = "<group>"; };
		19B1240016B7D052001C7939 /* linkee_stream_bg.png */ = {isa = PBXFileReference; lastKnownFileType = image.png; path = linkee_stream_bg.png; sourceTree = "<group>"; };
		19B1240116B7D052001C7939 /* linkee_stream_bg@2x.png */ = {isa = PBXFileReference; lastKnownFileType = image.png; path = "linkee_stream_bg@2x.png"; sourceTree = "<group>"; };
		19B145C216BA5367005E920E /* Login.png */ = {isa = PBXFileReference; lastKnownFileType = image.png; path = Login.png; sourceTree = "<group>"; };
		19B145C316BA5367005E920E /* Login@2x.png */ = {isa = PBXFileReference; lastKnownFileType = image.png; path = "Login@2x.png"; sourceTree = "<group>"; };
		19B48F2916A01030009FFC09 /* LKViewController.h */ = {isa = PBXFileReference; fileEncoding = 4; lastKnownFileType = sourcecode.c.h; path = LKViewController.h; sourceTree = "<group>"; };
		19B48F2A16A01030009FFC09 /* LKViewController.m */ = {isa = PBXFileReference; fileEncoding = 4; lastKnownFileType = sourcecode.c.objc; path = LKViewController.m; sourceTree = "<group>"; };
		19B48F2C16A01698009FFC09 /* Localizable.strings */ = {isa = PBXFileReference; fileEncoding = 4; lastKnownFileType = text.plist.strings; path = Localizable.strings; sourceTree = "<group>"; };
		19B48F2E16A01D17009FFC09 /* InfoPlist.strings */ = {isa = PBXFileReference; fileEncoding = 4; lastKnownFileType = text.plist.strings; path = InfoPlist.strings; sourceTree = "<group>"; };
		19B57F9716B3D32D002644F7 /* ReplyController.h */ = {isa = PBXFileReference; fileEncoding = 4; lastKnownFileType = sourcecode.c.h; path = ReplyController.h; sourceTree = "<group>"; };
		19B57F9816B3D32D002644F7 /* ReplyController.m */ = {isa = PBXFileReference; fileEncoding = 4; lastKnownFileType = sourcecode.c.objc; path = ReplyController.m; sourceTree = "<group>"; };
		19B6928816A4F096004B0374 /* PonyDebugger.xcodeproj */ = {isa = PBXFileReference; lastKnownFileType = "wrapper.pb-project"; name = PonyDebugger.xcodeproj; path = PonyDebugger/ObjC/PonyDebugger.xcodeproj; sourceTree = "<group>"; };
		19B692C716A4F0DB004B0374 /* Pyramid_PonyD.app */ = {isa = PBXFileReference; explicitFileType = wrapper.application; includeInIndex = 0; path = Pyramid_PonyD.app; sourceTree = BUILT_PRODUCTS_DIR; };
		19B692C916A4F0DC004B0374 /* Pyramid_PonyD-Info.plist */ = {isa = PBXFileReference; lastKnownFileType = text.plist.xml; name = "Pyramid_PonyD-Info.plist"; path = "/Users/andregao/work/App/pyramid/src/Pyramid/Pyramid/Pyramid_PonyD-Info.plist"; sourceTree = "<absolute>"; };
		19C4D09C169FAEF5000610A6 /* LKDebugTool.h */ = {isa = PBXFileReference; lastKnownFileType = sourcecode.c.h; path = LKDebugTool.h; sourceTree = "<group>"; };
		19C4D09D169FAF0F000610A6 /* LKDebugTool.m */ = {isa = PBXFileReference; fileEncoding = 4; lastKnownFileType = sourcecode.c.objc; path = LKDebugTool.m; sourceTree = "<group>"; };
		19C4D0A0169FBE5F000610A6 /* LoginController.h */ = {isa = PBXFileReference; fileEncoding = 4; lastKnownFileType = sourcecode.c.h; path = LoginController.h; sourceTree = "<group>"; };
		19C4D0A1169FBE5F000610A6 /* LoginController.m */ = {isa = PBXFileReference; fileEncoding = 4; lastKnownFileType = sourcecode.c.objc; path = LoginController.m; sourceTree = "<group>"; };
		19CA4CA716A1107A00812EE8 /* LKHTTPRequest.h */ = {isa = PBXFileReference; fileEncoding = 4; lastKnownFileType = sourcecode.c.h; path = LKHTTPRequest.h; sourceTree = "<group>"; };
		19CA4CA816A1107A00812EE8 /* LKHTTPRequest.m */ = {isa = PBXFileReference; fileEncoding = 4; lastKnownFileType = sourcecode.c.objc; path = LKHTTPRequest.m; sourceTree = "<group>"; };
		19CA4CAF16A1152C00812EE8 /* ConfigCentre.h */ = {isa = PBXFileReference; fileEncoding = 4; lastKnownFileType = sourcecode.c.h; name = ConfigCentre.h; path = centre/ConfigCentre.h; sourceTree = "<group>"; };
		19CA4CB016A1152C00812EE8 /* ConfigCentre.m */ = {isa = PBXFileReference; fileEncoding = 4; lastKnownFileType = sourcecode.c.objc; name = ConfigCentre.m; path = centre/ConfigCentre.m; sourceTree = "<group>"; };
		19CA4CB616A13D8800812EE8 /* handyTool.h */ = {isa = PBXFileReference; fileEncoding = 4; lastKnownFileType = sourcecode.c.h; path = handyTool.h; sourceTree = "<group>"; };
		19CA4CB716A13D8800812EE8 /* handyTool.m */ = {isa = PBXFileReference; fileEncoding = 4; lastKnownFileType = sourcecode.c.objc; path = handyTool.m; sourceTree = "<group>"; };
		19CA4CB916A1467E00812EE8 /* LoginResponse.h */ = {isa = PBXFileReference; fileEncoding = 4; lastKnownFileType = sourcecode.c.h; path = LoginResponse.h; sourceTree = "<group>"; };
		19CA4CBA16A1467E00812EE8 /* LoginResponse.m */ = {isa = PBXFileReference; fileEncoding = 4; lastKnownFileType = sourcecode.c.objc; path = LoginResponse.m; sourceTree = "<group>"; };
		19CA4CBC16A1616200812EE8 /* UserCentre.h */ = {isa = PBXFileReference; fileEncoding = 4; lastKnownFileType = sourcecode.c.h; name = UserCentre.h; path = centre/UserCentre.h; sourceTree = "<group>"; };
		19CA4CBD16A1616200812EE8 /* UserCentre.m */ = {isa = PBXFileReference; fileEncoding = 4; lastKnownFileType = sourcecode.c.objc; name = UserCentre.m; path = centre/UserCentre.m; sourceTree = "<group>"; };
		19CE665116AF84E1001DD00E /* EGORefreshTableHeaderView.h */ = {isa = PBXFileReference; fileEncoding = 4; lastKnownFileType = sourcecode.c.h; path = EGORefreshTableHeaderView.h; sourceTree = "<group>"; };
		19CE665216AF84E1001DD00E /* EGORefreshTableHeaderView.m */ = {isa = PBXFileReference; fileEncoding = 4; lastKnownFileType = sourcecode.c.objc; path = EGORefreshTableHeaderView.m; sourceTree = "<group>"; };
		19CE665416AF84E1001DD00E /* blackArrow.png */ = {isa = PBXFileReference; lastKnownFileType = image.png; path = blackArrow.png; sourceTree = "<group>"; };
		19CE665516AF84E1001DD00E /* blackArrow@2x.png */ = {isa = PBXFileReference; lastKnownFileType = image.png; path = "blackArrow@2x.png"; sourceTree = "<group>"; };
		19CE665616AF84E1001DD00E /* blueArrow.png */ = {isa = PBXFileReference; lastKnownFileType = image.png; path = blueArrow.png; sourceTree = "<group>"; };
		19CE665716AF84E1001DD00E /* blueArrow@2x.png */ = {isa = PBXFileReference; lastKnownFileType = image.png; path = "blueArrow@2x.png"; sourceTree = "<group>"; };
		19CE665816AF84E1001DD00E /* grayArrow.png */ = {isa = PBXFileReference; lastKnownFileType = image.png; path = grayArrow.png; sourceTree = "<group>"; };
		19CE665916AF84E1001DD00E /* grayArrow@2x.png */ = {isa = PBXFileReference; lastKnownFileType = image.png; path = "grayArrow@2x.png"; sourceTree = "<group>"; };
		19CE665A16AF84E1001DD00E /* whiteArrow.png */ = {isa = PBXFileReference; lastKnownFileType = image.png; path = whiteArrow.png; sourceTree = "<group>"; };
		19CE665B16AF84E1001DD00E /* whiteArrow@2x.png */ = {isa = PBXFileReference; lastKnownFileType = image.png; path = "whiteArrow@2x.png"; sourceTree = "<group>"; };
		19CE667216AF8B23001DD00E /* QuartzCore.framework */ = {isa = PBXFileReference; lastKnownFileType = wrapper.framework; name = QuartzCore.framework; path = System/Library/Frameworks/QuartzCore.framework; sourceTree = SDKROOT; };
		19CE667916AFB397001DD00E /* ProfileLinkeeController.h */ = {isa = PBXFileReference; fileEncoding = 4; lastKnownFileType = sourcecode.c.h; path = ProfileLinkeeController.h; sourceTree = "<group>"; };
		19CE667A16AFB397001DD00E /* ProfileLinkeeController.m */ = {isa = PBXFileReference; fileEncoding = 4; lastKnownFileType = sourcecode.c.objc; path = ProfileLinkeeController.m; sourceTree = "<group>"; };
		19CE667E16AFCCB8001DD00E /* LinkeeDetailController.h */ = {isa = PBXFileReference; fileEncoding = 4; lastKnownFileType = sourcecode.c.h; path = LinkeeDetailController.h; sourceTree = "<group>"; };
		19CE667F16AFCCB8001DD00E /* LinkeeDetailController.m */ = {isa = PBXFileReference; fileEncoding = 4; lastKnownFileType = sourcecode.c.objc; path = LinkeeDetailController.m; sourceTree = "<group>"; };
		19CE668216AFF0CB001DD00E /* ReplyStreamController.h */ = {isa = PBXFileReference; fileEncoding = 4; lastKnownFileType = sourcecode.c.h; path = ReplyStreamController.h; sourceTree = "<group>"; };
		19CE668316AFF0CB001DD00E /* ReplyStreamController.m */ = {isa = PBXFileReference; fileEncoding = 4; lastKnownFileType = sourcecode.c.objc; path = ReplyStreamController.m; sourceTree = "<group>"; };
		19E20B5916A6560C00313036 /* TaskCentre.h */ = {isa = PBXFileReference; fileEncoding = 4; lastKnownFileType = sourcecode.c.h; name = TaskCentre.h; path = centre/TaskCentre.h; sourceTree = "<group>"; };
		19E20B5A16A6560C00313036 /* TaskCentre.m */ = {isa = PBXFileReference; fileEncoding = 4; lastKnownFileType = sourcecode.c.objc; name = TaskCentre.m; path = centre/TaskCentre.m; sourceTree = "<group>"; };
		19E20B5D16A6601600313036 /* STKeychain.h */ = {isa = PBXFileReference; fileEncoding = 4; lastKnownFileType = sourcecode.c.h; path = STKeychain.h; sourceTree = "<group>"; };
		19E20B5E16A6601600313036 /* STKeychain.m */ = {isa = PBXFileReference; fileEncoding = 4; lastKnownFileType = sourcecode.c.objc; path = STKeychain.m; sourceTree = "<group>"; };
		19E20B6416A69B8E00313036 /* LinkeeViewController.h */ = {isa = PBXFileReference; fileEncoding = 4; lastKnownFileType = sourcecode.c.h; path = LinkeeViewController.h; sourceTree = "<group>"; };
		19E20B6516A69B8E00313036 /* LinkeeViewController.m */ = {isa = PBXFileReference; fileEncoding = 4; lastKnownFileType = sourcecode.c.objc; path = LinkeeViewController.m; sourceTree = "<group>"; };
		19E20B6D16A6BC9B00313036 /* JsonObj.h */ = {isa = PBXFileReference; fileEncoding = 4; lastKnownFileType = sourcecode.c.h; path = JsonObj.h; sourceTree = "<group>"; };
		19E20B6E16A6BC9B00313036 /* JsonObj.m */ = {isa = PBXFileReference; fileEncoding = 4; lastKnownFileType = sourcecode.c.objc; path = JsonObj.m; sourceTree = "<group>"; };
		19E32FA116A3E15F00B5A5F2 /* PersonalController.h */ = {isa = PBXFileReference; fileEncoding = 4; lastKnownFileType = sourcecode.c.h; path = PersonalController.h; sourceTree = "<group>"; };
		19E32FA216A3E15F00B5A5F2 /* PersonalController.m */ = {isa = PBXFileReference; fileEncoding = 4; lastKnownFileType = sourcecode.c.objc; path = PersonalController.m; sourceTree = "<group>"; };
		19E32FA916A3F54400B5A5F2 /* SettingController.h */ = {isa = PBXFileReference; fileEncoding = 4; lastKnownFileType = sourcecode.c.h; path = SettingController.h; sourceTree = "<group>"; };
		19E32FAA16A3F54400B5A5F2 /* SettingController.m */ = {isa = PBXFileReference; fileEncoding = 4; lastKnownFileType = sourcecode.c.objc; path = SettingController.m; sourceTree = "<group>"; };
		19EF00B816B7731F001964D3 /* TTTAttributedLabel.h */ = {isa = PBXFileReference; fileEncoding = 4; lastKnownFileType = sourcecode.c.h; path = TTTAttributedLabel.h; sourceTree = "<group>"; };
		19EF00B916B7731F001964D3 /* TTTAttributedLabel.m */ = {isa = PBXFileReference; fileEncoding = 4; lastKnownFileType = sourcecode.c.objc; path = TTTAttributedLabel.m; sourceTree = "<group>"; };
		19EF00BC16B77C11001964D3 /* CoreText.framework */ = {isa = PBXFileReference; lastKnownFileType = wrapper.framework; name = CoreText.framework; path = System/Library/Frameworks/CoreText.framework; sourceTree = SDKROOT; };
		19F1CD0B16B29669000BF832 /* MBProgressHUD.h */ = {isa = PBXFileReference; fileEncoding = 4; lastKnownFileType = sourcecode.c.h; path = MBProgressHUD.h; sourceTree = "<group>"; };
		19F1CD0C16B29669000BF832 /* MBProgressHUD.m */ = {isa = PBXFileReference; fileEncoding = 4; lastKnownFileType = sourcecode.c.objc; path = MBProgressHUD.m; sourceTree = "<group>"; };
		19FE6ABD16A4F5C7003CEE1C /* libSocketRocket.a */ = {isa = PBXFileReference; lastKnownFileType = archive.ar; name = libSocketRocket.a; path = "Third-Party/PonyDebugger/ObjC/SocketRocket/build/Release-iphoneos/libSocketRocket.a"; sourceTree = "<group>"; };
		19FE6ABF16A4F6B3003CEE1C /* libicucore.dylib */ = {isa = PBXFileReference; lastKnownFileType = "compiled.mach-o.dylib"; name = libicucore.dylib; path = usr/lib/libicucore.dylib; sourceTree = SDKROOT; };
		19FE6AC216A4F733003CEE1C /* CoreData.framework */ = {isa = PBXFileReference; lastKnownFileType = wrapper.framework; name = CoreData.framework; path = System/Library/Frameworks/CoreData.framework; sourceTree = SDKROOT; };
		19FE6AC416A4F74C003CEE1C /* Security.framework */ = {isa = PBXFileReference; lastKnownFileType = wrapper.framework; name = Security.framework; path = System/Library/Frameworks/Security.framework; sourceTree = SDKROOT; };
		19FE6AE016A50A80003CEE1C /* PersonProfile.h */ = {isa = PBXFileReference; fileEncoding = 4; lastKnownFileType = sourcecode.c.h; path = PersonProfile.h; sourceTree = "<group>"; };
		19FE6AE116A50A80003CEE1C /* PersonProfile.m */ = {isa = PBXFileReference; fileEncoding = 4; lastKnownFileType = sourcecode.c.objc; path = PersonProfile.m; sourceTree = "<group>"; };
/* End PBXFileReference section */

/* Begin PBXFrameworksBuildPhase section */
		193F06FE169E686E005D60DD /* Frameworks */ = {
			isa = PBXFrameworksBuildPhase;
			buildActionMask = 2147483647;
			files = (
				19EF00BD16B77C11001964D3 /* CoreText.framework in Frameworks */,
				19CE667316AF8B23001DD00E /* QuartzCore.framework in Frameworks */,
				19E20B6216A6623F00313036 /* Security.framework in Frameworks */,
				193F07A0169E8EF0005D60DD /* libz.dylib in Frameworks */,
				193F079E169E8EDC005D60DD /* MobileCoreServices.framework in Frameworks */,
				193F079C169E8ED0005D60DD /* SystemConfiguration.framework in Frameworks */,
				193F079A169E8E61005D60DD /* CFNetwork.framework in Frameworks */,
				193F0706169E686E005D60DD /* UIKit.framework in Frameworks */,
				193F0708169E686E005D60DD /* Foundation.framework in Frameworks */,
				193F070A169E686E005D60DD /* CoreGraphics.framework in Frameworks */,
			);
			runOnlyForDeploymentPostprocessing = 0;
		};
		19B692B616A4F0DB004B0374 /* Frameworks */ = {
			isa = PBXFrameworksBuildPhase;
			buildActionMask = 2147483647;
			files = (
				19EF00BE16B77C27001964D3 /* CoreText.framework in Frameworks */,
				19CE667416AF8B4B001DD00E /* QuartzCore.framework in Frameworks */,
				19FE6AC516A4F74C003CEE1C /* Security.framework in Frameworks */,
				19FE6AC316A4F733003CEE1C /* CoreData.framework in Frameworks */,
				19FE6AC016A4F6B3003CEE1C /* libicucore.dylib in Frameworks */,
				19FE6ABE16A4F5C8003CEE1C /* libSocketRocket.a in Frameworks */,
				19FE6ABC16A4F5C7003CEE1C /* libPonyDebugger.a in Frameworks */,
				19B692B716A4F0DB004B0374 /* libz.dylib in Frameworks */,
				19B692B816A4F0DB004B0374 /* MobileCoreServices.framework in Frameworks */,
				19B692B916A4F0DB004B0374 /* SystemConfiguration.framework in Frameworks */,
				19B692BA16A4F0DB004B0374 /* CFNetwork.framework in Frameworks */,
				19B692BB16A4F0DB004B0374 /* UIKit.framework in Frameworks */,
				19B692BC16A4F0DB004B0374 /* Foundation.framework in Frameworks */,
				19B692BD16A4F0DB004B0374 /* CoreGraphics.framework in Frameworks */,
			);
			runOnlyForDeploymentPostprocessing = 0;
		};
/* End PBXFrameworksBuildPhase section */

/* Begin PBXGroup section */
		193F06F6169E686E005D60DD = {
			isa = PBXGroup;
			children = (
				19FE6AC116A4F6C3003CEE1C /* Pyramid_PonyD */,
				193F0770169E74EE005D60DD /* Third-Party */,
				193F076F169E73DF005D60DD /* Pyramid_code */,
				193F070B169E686E005D60DD /* Pyramid */,
				193F0704169E686E005D60DD /* Frameworks */,
				193F0702169E686E005D60DD /* Products */,
			);
			sourceTree = "<group>";
		};
		193F0702169E686E005D60DD /* Products */ = {
			isa = PBXGroup;
			children = (
				193F0701169E686E005D60DD /* Pyramid.app */,
				19B692C716A4F0DB004B0374 /* Pyramid_PonyD.app */,
			);
			name = Products;
			sourceTree = "<group>";
		};
		193F0704169E686E005D60DD /* Frameworks */ = {
			isa = PBXGroup;
			children = (
				19EF00BC16B77C11001964D3 /* CoreText.framework */,
				19CE667216AF8B23001DD00E /* QuartzCore.framework */,
				193F079F169E8EF0005D60DD /* libz.dylib */,
				193F079D169E8EDC005D60DD /* MobileCoreServices.framework */,
				193F079B169E8ED0005D60DD /* SystemConfiguration.framework */,
				193F0799169E8E61005D60DD /* CFNetwork.framework */,
				193F0705169E686E005D60DD /* UIKit.framework */,
				193F0707169E686E005D60DD /* Foundation.framework */,
				193F0709169E686E005D60DD /* CoreGraphics.framework */,
			);
			name = Frameworks;
			sourceTree = "<group>";
		};
		193F070B169E686E005D60DD /* Pyramid */ = {
			isa = PBXGroup;
			children = (
				19B123FF16B7CFE6001C7939 /* png */,
				193F07B8169EACE5005D60DD /* LKCommonImport.h */,
				193F0714169E686E005D60DD /* LKAppDelegate.h */,
				193F0715169E686E005D60DD /* LKAppDelegate.m */,
				193F070C169E686E005D60DD /* Supporting Files */,
			);
			path = Pyramid;
			sourceTree = "<group>";
		};
		193F070C169E686E005D60DD /* Supporting Files */ = {
			isa = PBXGroup;
			children = (
				19B48F2E16A01D17009FFC09 /* InfoPlist.strings */,
				193F070D169E686E005D60DD /* Pyramid-Info.plist */,
				193F0711169E686E005D60DD /* main.m */,
				193F0713169E686E005D60DD /* Pyramid-Prefix.pch */,
				193F0717169E686E005D60DD /* Default.png */,
				193F0719169E686E005D60DD /* Default@2x.png */,
				193F071B169E686E005D60DD /* Default-568h@2x.png */,
				19B48F2C16A01698009FFC09 /* Localizable.strings */,
			);
			name = "Supporting Files";
			sourceTree = "<group>";
		};
		193F076F169E73DF005D60DD /* Pyramid_code */ = {
			isa = PBXGroup;
			children = (
				19E20B6C16A6BC4500313036 /* JsonObj */,
				19C4D0A3169FBE74000610A6 /* module */,
				19C4D099169FAD0C000610A6 /* tool */,
				193F07B4169EA93D005D60DD /* centre */,
				193F07B0169EA32C005D60DD /* LKBaseClass */,
			);
			path = Pyramid_code;
			sourceTree = "<group>";
		};
		193F0770169E74EE005D60DD /* Third-Party */ = {
			isa = PBXGroup;
			children = (
				19EF00B716B772C3001964D3 /* TTTAttributedLabel */,
				19F1CD0616B29492000BF832 /* MBProgressHUD */,
				19CE664E16AF84E1001DD00E /* EGOTableViewPullRefresh */,
				19E20B6116A6602200313036 /* STKeychain */,
				193F0771169E7586005D60DD /* ASIHTTPRequest */,
				193F0786169E7586005D60DD /* Jastor */,
				193F078B169E7586005D60DD /* Reachability */,
			);
			path = "Third-Party";
			sourceTree = "<group>";
		};
		193F0771169E7586005D60DD /* ASIHTTPRequest */ = {
			isa = PBXGroup;
			children = (
				193F0772169E7586005D60DD /* ASIAuthenticationDialog.h */,
				193F0773169E7586005D60DD /* ASIAuthenticationDialog.m */,
				193F0774169E7586005D60DD /* ASICacheDelegate.h */,
				193F0775169E7586005D60DD /* ASIDataCompressor.h */,
				193F0776169E7586005D60DD /* ASIDataCompressor.m */,
				193F0777169E7586005D60DD /* ASIDataDecompressor.h */,
				193F0778169E7586005D60DD /* ASIDataDecompressor.m */,
				193F0779169E7586005D60DD /* ASIDownloadCache.h */,
				193F077A169E7586005D60DD /* ASIDownloadCache.m */,
				193F077B169E7586005D60DD /* ASIFormDataRequest.h */,
				193F077C169E7586005D60DD /* ASIFormDataRequest.m */,
				193F077D169E7586005D60DD /* ASIHTTPRequest.h */,
				193F077E169E7586005D60DD /* ASIHTTPRequest.m */,
				193F077F169E7586005D60DD /* ASIHTTPRequestConfig.h */,
				193F0780169E7586005D60DD /* ASIHTTPRequestDelegate.h */,
				193F0781169E7586005D60DD /* ASIInputStream.h */,
				193F0782169E7586005D60DD /* ASIInputStream.m */,
				193F0783169E7586005D60DD /* ASINetworkQueue.h */,
				193F0784169E7586005D60DD /* ASINetworkQueue.m */,
				193F0785169E7586005D60DD /* ASIProgressDelegate.h */,
			);
			path = ASIHTTPRequest;
			sourceTree = "<group>";
		};
		193F0786169E7586005D60DD /* Jastor */ = {
			isa = PBXGroup;
			children = (
				193F0787169E7586005D60DD /* Jastor.h */,
				193F0788169E7586005D60DD /* Jastor.m */,
				193F0789169E7586005D60DD /* JastorRuntimeHelper.h */,
				193F078A169E7586005D60DD /* JastorRuntimeHelper.m */,
			);
			path = Jastor;
			sourceTree = "<group>";
		};
		193F078B169E7586005D60DD /* Reachability */ = {
			isa = PBXGroup;
			children = (
				193F078C169E7586005D60DD /* Reachability.h */,
				193F078D169E7586005D60DD /* Reachability.m */,
			);
			path = Reachability;
			sourceTree = "<group>";
		};
		193F07B0169EA32C005D60DD /* LKBaseClass */ = {
			isa = PBXGroup;
			children = (
				193F07B1169EA3AE005D60DD /* LKNavigationController.h */,
				193F07B2169EA3AE005D60DD /* LKNavigationController.m */,
				193F07B9169EB4A6005D60DD /* LKTabBarController.h */,
				193F07BA169EB4A6005D60DD /* LKTabBarController.m */,
				19B48F2916A01030009FFC09 /* LKViewController.h */,
				19B48F2A16A01030009FFC09 /* LKViewController.m */,
				19CA4CA716A1107A00812EE8 /* LKHTTPRequest.h */,
				19CA4CA816A1107A00812EE8 /* LKHTTPRequest.m */,
				19B0BAE116A93C2700A8BB02 /* LKView.h */,
				19B0BAE216A93C2700A8BB02 /* LKView.m */,
				19A937E016AA4E580076DE9B /* LKTableController.h */,
				19A937E116AA4E580076DE9B /* LKTableController.m */,
			);
			path = LKBaseClass;
			sourceTree = "<group>";
		};
		193F07B4169EA93D005D60DD /* centre */ = {
			isa = PBXGroup;
			children = (
				193F07B5169EAAFD005D60DD /* UICentre.h */,
				193F07B6169EAAFD005D60DD /* UICentre.m */,
				19CA4CAF16A1152C00812EE8 /* ConfigCentre.h */,
				19CA4CB016A1152C00812EE8 /* ConfigCentre.m */,
				19CA4CBC16A1616200812EE8 /* UserCentre.h */,
				19CA4CBD16A1616200812EE8 /* UserCentre.m */,
				19E20B5916A6560C00313036 /* TaskCentre.h */,
				19E20B5A16A6560C00313036 /* TaskCentre.m */,
			);
			name = centre;
			sourceTree = "<group>";
		};
		19AD481416AE977A00B5BA02 /* PeopleStream */ = {
			isa = PBXGroup;
			children = (
				19AD481516AE97DA00B5BA02 /* PeopleStreamController.h */,
				19AD481616AE97DA00B5BA02 /* PeopleStreamController.m */,
			);
			path = PeopleStream;
			sourceTree = "<group>";
		};
		19ADED0116B9170B007AA4F9 /* icon */ = {
			isa = PBXGroup;
			children = (
				19ADED0216B91731007AA4F9 /* icon.png */,
				19ADED0316B91731007AA4F9 /* icon@2x.png */,
			);
			path = icon;
			sourceTree = "<group>";
		};
		19B01D5116B0F9C200C7D41F /* ExperienceStream */ = {
			isa = PBXGroup;
			children = (
				19B01D5216B0FABF00C7D41F /* ExperienceStreamController.h */,
				19B01D5316B0FABF00C7D41F /* ExperienceStreamController.m */,
				19ADECF916B8EB0C007AA4F9 /* ExpStreamBaseController.h */,
				19ADECFA16B8EB0C007AA4F9 /* ExpStreamBaseController.m */,
				19ADECFD16B91195007AA4F9 /* HostedExpStreamController.h */,
				19ADECFE16B91195007AA4F9 /* HostedExpStreamController.m */,
				19ADED1816B926D1007AA4F9 /* WatchedExpStreamController.h */,
				19ADED1916B926D1007AA4F9 /* WatchedExpStreamController.m */,
			);
			path = ExperienceStream;
			sourceTree = "<group>";
		};
		19B01D5616B1168100C7D41F /* Experience */ = {
			isa = PBXGroup;
			children = (
				19B01D5716B1172000C7D41F /* ExperienceController.h */,
				19B01D5816B1172000C7D41F /* ExperienceController.m */,
			);
			path = Experience;
			sourceTree = "<group>";
		};
		19B01D5B16B1213D00C7D41F /* NewLinkee */ = {
			isa = PBXGroup;
			children = (
				19B01D5C16B1219800C7D41F /* NewLinkeeController.h */,
				19B01D5D16B1219800C7D41F /* NewLinkeeController.m */,
			);
			path = NewLinkee;
			sourceTree = "<group>";
		};
		19B123FF16B7CFE6001C7939 /* png */ = {
			isa = PBXGroup;
			children = (
				19B145C116BA533E005E920E /* login */,
				19B145C016BA52A2005E920E /* linkeeStream */,
				19ADED0116B9170B007AA4F9 /* icon */,
			);
			path = png;
			sourceTree = "<group>";
		};
		19B145C016BA52A2005E920E /* linkeeStream */ = {
			isa = PBXGroup;
			children = (
				19B1240016B7D052001C7939 /* linkee_stream_bg.png */,
				19B1240116B7D052001C7939 /* linkee_stream_bg@2x.png */,
			);
			path = linkeeStream;
			sourceTree = "<group>";
		};
		19B145C116BA533E005E920E /* login */ = {
			isa = PBXGroup;
			children = (
				19B145C216BA5367005E920E /* Login.png */,
				19B145C316BA5367005E920E /* Login@2x.png */,
			);
			path = login;
			sourceTree = "<group>";
		};
		19B57F9616B3D258002644F7 /* ReplyLinkee */ = {
			isa = PBXGroup;
			children = (
				19B57F9716B3D32D002644F7 /* ReplyController.h */,
				19B57F9816B3D32D002644F7 /* ReplyController.m */,
			);
			path = ReplyLinkee;
			sourceTree = "<group>";
		};
		19B6928616A4F059004B0374 /* PonyDebugger */ = {
			isa = PBXGroup;
			children = (
				19B6928816A4F096004B0374 /* PonyDebugger.xcodeproj */,
			);
			name = PonyDebugger;
			path = "Third-Party";
			sourceTree = "<group>";
		};
		19B6928916A4F096004B0374 /* Products */ = {
			isa = PBXGroup;
			children = (
				19B6929516A4F097004B0374 /* libPonyDebugger.a */,
			);
			name = Products;
			sourceTree = "<group>";
		};
		19C4D099169FAD0C000610A6 /* tool */ = {
			isa = PBXGroup;
			children = (
				19C4D09C169FAEF5000610A6 /* LKDebugTool.h */,
				19C4D09D169FAF0F000610A6 /* LKDebugTool.m */,
				19CA4CB616A13D8800812EE8 /* handyTool.h */,
				19CA4CB716A13D8800812EE8 /* handyTool.m */,
			);
			path = tool;
			sourceTree = "<group>";
		};
		19C4D0A3169FBE74000610A6 /* module */ = {
			isa = PBXGroup;
			children = (
				19B57F9616B3D258002644F7 /* ReplyLinkee */,
				19B01D5B16B1213D00C7D41F /* NewLinkee */,
				19B01D5616B1168100C7D41F /* Experience */,
				19B01D5116B0F9C200C7D41F /* ExperienceStream */,
				19CE667D16AFCBF5001DD00E /* LinkeeDetail */,
				19AD481416AE977A00B5BA02 /* PeopleStream */,
				19E20B6316A69B4400313036 /* LinkeeStream */,
				19E32FA816A3F3F300B5A5F2 /* Setting */,
				19E32F9F16A3E0E700B5A5F2 /* PersonalProfile */,
				19C4D0A4169FBED0000610A6 /* Login */,
			);
			path = module;
			sourceTree = "<group>";
		};
		19C4D0A4169FBED0000610A6 /* Login */ = {
			isa = PBXGroup;
			children = (
				19C4D0A0169FBE5F000610A6 /* LoginController.h */,
				19C4D0A1169FBE5F000610A6 /* LoginController.m */,
				19CA4CB916A1467E00812EE8 /* LoginResponse.h */,
				19CA4CBA16A1467E00812EE8 /* LoginResponse.m */,
			);
			path = Login;
			sourceTree = "<group>";
		};
		19CE664E16AF84E1001DD00E /* EGOTableViewPullRefresh */ = {
			isa = PBXGroup;
			children = (
				19CE664F16AF84E1001DD00E /* Classes */,
				19CE665316AF84E1001DD00E /* Resources */,
			);
			path = EGOTableViewPullRefresh;
			sourceTree = "<group>";
		};
		19CE664F16AF84E1001DD00E /* Classes */ = {
			isa = PBXGroup;
			children = (
				19CE665016AF84E1001DD00E /* View */,
			);
			path = Classes;
			sourceTree = "<group>";
		};
		19CE665016AF84E1001DD00E /* View */ = {
			isa = PBXGroup;
			children = (
				19CE665116AF84E1001DD00E /* EGORefreshTableHeaderView.h */,
				19CE665216AF84E1001DD00E /* EGORefreshTableHeaderView.m */,
			);
			path = View;
			sourceTree = "<group>";
		};
		19CE665316AF84E1001DD00E /* Resources */ = {
			isa = PBXGroup;
			children = (
				19CE665416AF84E1001DD00E /* blackArrow.png */,
				19CE665516AF84E1001DD00E /* blackArrow@2x.png */,
				19CE665616AF84E1001DD00E /* blueArrow.png */,
				19CE665716AF84E1001DD00E /* blueArrow@2x.png */,
				19CE665816AF84E1001DD00E /* grayArrow.png */,
				19CE665916AF84E1001DD00E /* grayArrow@2x.png */,
				19CE665A16AF84E1001DD00E /* whiteArrow.png */,
				19CE665B16AF84E1001DD00E /* whiteArrow@2x.png */,
			);
			path = Resources;
			sourceTree = "<group>";
		};
		19CE667D16AFCBF5001DD00E /* LinkeeDetail */ = {
			isa = PBXGroup;
			children = (
				19CE667E16AFCCB8001DD00E /* LinkeeDetailController.h */,
				19CE667F16AFCCB8001DD00E /* LinkeeDetailController.m */,
				19CE668216AFF0CB001DD00E /* ReplyStreamController.h */,
				19CE668316AFF0CB001DD00E /* ReplyStreamController.m */,
			);
			path = LinkeeDetail;
			sourceTree = "<group>";
		};
		19E20B6116A6602200313036 /* STKeychain */ = {
			isa = PBXGroup;
			children = (
				19E20B5D16A6601600313036 /* STKeychain.h */,
				19E20B5E16A6601600313036 /* STKeychain.m */,
			);
			path = STKeychain;
			sourceTree = "<group>";
		};
		19E20B6316A69B4400313036 /* LinkeeStream */ = {
			isa = PBXGroup;
			children = (
				19A937EC16AA7DD40076DE9B /* LinkeeStreamController.h */,
				19A937ED16AA7DD40076DE9B /* LinkeeStreamController.m */,
				19E20B6416A69B8E00313036 /* LinkeeViewController.h */,
				19E20B6516A69B8E00313036 /* LinkeeViewController.m */,
				19B0BAE916A94A7F00A8BB02 /* LinkeeTopTabView.h */,
				19B0BAEA16A94A7F00A8BB02 /* LinkeeTopTabView.m */,
				19A937F016AA7ECB0076DE9B /* LinkeeExploreController.h */,
				19A937F116AA7ECB0076DE9B /* LinkeeExploreController.m */,
				19A937F416AA7EEB0076DE9B /* LinkeeNewsController.h */,
				19A937F516AA7EEB0076DE9B /* LinkeeNewsController.m */,
			);
			name = LinkeeStream;
			path = Linkee;
			sourceTree = "<group>";
		};
		19E20B6C16A6BC4500313036 /* JsonObj */ = {
			isa = PBXGroup;
			children = (
				19E20B6D16A6BC9B00313036 /* JsonObj.h */,
				19E20B6E16A6BC9B00313036 /* JsonObj.m */,
			);
			path = JsonObj;
			sourceTree = "<group>";
		};
		19E32F9F16A3E0E700B5A5F2 /* PersonalProfile */ = {
			isa = PBXGroup;
			children = (
				19E32FA116A3E15F00B5A5F2 /* PersonalController.h */,
				19E32FA216A3E15F00B5A5F2 /* PersonalController.m */,
				19FE6AE016A50A80003CEE1C /* PersonProfile.h */,
				19FE6AE116A50A80003CEE1C /* PersonProfile.m */,
				19CE667916AFB397001DD00E /* ProfileLinkeeController.h */,
				19CE667A16AFB397001DD00E /* ProfileLinkeeController.m */,
			);
			path = PersonalProfile;
			sourceTree = "<group>";
		};
		19E32FA816A3F3F300B5A5F2 /* Setting */ = {
			isa = PBXGroup;
			children = (
				19E32FA916A3F54400B5A5F2 /* SettingController.h */,
				19E32FAA16A3F54400B5A5F2 /* SettingController.m */,
			);
			path = Setting;
			sourceTree = "<group>";
		};
		19EF00B716B772C3001964D3 /* TTTAttributedLabel */ = {
			isa = PBXGroup;
			children = (
				19EF00B816B7731F001964D3 /* TTTAttributedLabel.h */,
				19EF00B916B7731F001964D3 /* TTTAttributedLabel.m */,
			);
			path = TTTAttributedLabel;
			sourceTree = "<group>";
		};
		19F1CD0616B29492000BF832 /* MBProgressHUD */ = {
			isa = PBXGroup;
			children = (
				19F1CD0B16B29669000BF832 /* MBProgressHUD.h */,
				19F1CD0C16B29669000BF832 /* MBProgressHUD.m */,
			);
			path = MBProgressHUD;
			sourceTree = "<group>";
		};
		19FE6AC116A4F6C3003CEE1C /* Pyramid_PonyD */ = {
			isa = PBXGroup;
			children = (
				19B6928616A4F059004B0374 /* PonyDebugger */,
				19FE6AC416A4F74C003CEE1C /* Security.framework */,
				19FE6AC216A4F733003CEE1C /* CoreData.framework */,
				19FE6ABD16A4F5C7003CEE1C /* libSocketRocket.a */,
				19B692C916A4F0DC004B0374 /* Pyramid_PonyD-Info.plist */,
				19FE6ABF16A4F6B3003CEE1C /* libicucore.dylib */,
			);
			name = Pyramid_PonyD;
			sourceTree = "<group>";
		};
/* End PBXGroup section */

/* Begin PBXNativeTarget section */
		193F0700169E686E005D60DD /* Pyramid */ = {
			isa = PBXNativeTarget;
			buildConfigurationList = 193F071F169E686E005D60DD /* Build configuration list for PBXNativeTarget "Pyramid" */;
			buildPhases = (
				193F06FD169E686E005D60DD /* Sources */,
				193F06FE169E686E005D60DD /* Frameworks */,
				193F06FF169E686E005D60DD /* Resources */,
			);
			buildRules = (
			);
			dependencies = (
			);
			name = Pyramid;
			productName = Pyramid;
			productReference = 193F0701169E686E005D60DD /* Pyramid.app */;
			productType = "com.apple.product-type.application";
		};
		19B6929A16A4F0DB004B0374 /* Pyramid_PonyD */ = {
			isa = PBXNativeTarget;
			buildConfigurationList = 19B692C416A4F0DB004B0374 /* Build configuration list for PBXNativeTarget "Pyramid_PonyD" */;
			buildPhases = (
				19B6929B16A4F0DB004B0374 /* Sources */,
				19B692B616A4F0DB004B0374 /* Frameworks */,
				19B692BE16A4F0DB004B0374 /* Resources */,
			);
			buildRules = (
			);
			dependencies = (
				19FE6ABB16A4F569003CEE1C /* PBXTargetDependency */,
			);
			name = Pyramid_PonyD;
			productName = Pyramid;
			productReference = 19B692C716A4F0DB004B0374 /* Pyramid_PonyD.app */;
			productType = "com.apple.product-type.application";
		};
/* End PBXNativeTarget section */

/* Begin PBXProject section */
		193F06F8169E686E005D60DD /* Project object */ = {
			isa = PBXProject;
			attributes = {
				CLASSPREFIX = LK;
				LastUpgradeCheck = 0450;
				ORGANIZATIONNAME = linkkk.com;
			};
			buildConfigurationList = 193F06FB169E686E005D60DD /* Build configuration list for PBXProject "Pyramid" */;
			compatibilityVersion = "Xcode 3.2";
			developmentRegion = English;
			hasScannedForEncodings = 0;
			knownRegions = (
				en,
				"zh-Hans",
			);
			mainGroup = 193F06F6169E686E005D60DD;
			productRefGroup = 193F0702169E686E005D60DD /* Products */;
			projectDirPath = "";
			projectReferences = (
				{
					ProductGroup = 19B6928916A4F096004B0374 /* Products */;
					ProjectRef = 19B6928816A4F096004B0374 /* PonyDebugger.xcodeproj */;
				},
			);
			projectRoot = "";
			targets = (
				193F0700169E686E005D60DD /* Pyramid */,
				19B6929A16A4F0DB004B0374 /* Pyramid_PonyD */,
			);
		};
/* End PBXProject section */

/* Begin PBXReferenceProxy section */
		19B6929516A4F097004B0374 /* libPonyDebugger.a */ = {
			isa = PBXReferenceProxy;
			fileType = archive.ar;
			path = libPonyDebugger.a;
			remoteRef = 19B6929416A4F097004B0374 /* PBXContainerItemProxy */;
			sourceTree = BUILT_PRODUCTS_DIR;
		};
/* End PBXReferenceProxy section */

/* Begin PBXResourcesBuildPhase section */
		193F06FF169E686E005D60DD /* Resources */ = {
			isa = PBXResourcesBuildPhase;
			buildActionMask = 2147483647;
			files = (
				193F071A169E686E005D60DD /* Default@2x.png in Resources */,
				193F071C169E686E005D60DD /* Default-568h@2x.png in Resources */,
				19B48F2D16A01698009FFC09 /* Localizable.strings in Resources */,
				19B48F2F16A01D17009FFC09 /* InfoPlist.strings in Resources */,
				19CE665E16AF84E1001DD00E /* blackArrow.png in Resources */,
				19CE666016AF84E1001DD00E /* blackArrow@2x.png in Resources */,
				19CE666216AF84E1001DD00E /* blueArrow.png in Resources */,
				19CE666416AF84E1001DD00E /* blueArrow@2x.png in Resources */,
				19CE666616AF84E1001DD00E /* grayArrow.png in Resources */,
				19CE666816AF84E1001DD00E /* grayArrow@2x.png in Resources */,
				19CE666A16AF84E1001DD00E /* whiteArrow.png in Resources */,
				19CE666C16AF84E1001DD00E /* whiteArrow@2x.png in Resources */,
				19B1240216B7D052001C7939 /* linkee_stream_bg.png in Resources */,
				19B1240416B7D052001C7939 /* linkee_stream_bg@2x.png in Resources */,
				19ADED0416B91731007AA4F9 /* icon.png in Resources */,
				19ADED0616B91731007AA4F9 /* icon@2x.png in Resources */,
				19B145C616BA5367005E920E /* Login@2x.png in Resources */,
				19399AAD16BAC10B00222BDD /* Login.png in Resources */,
				19399AAE16BAC11100222BDD /* Default.png in Resources */,
			);
			runOnlyForDeploymentPostprocessing = 0;
		};
		19B692BE16A4F0DB004B0374 /* Resources */ = {
			isa = PBXResourcesBuildPhase;
			buildActionMask = 2147483647;
			files = (
				19B692BF16A4F0DB004B0374 /* Default.png in Resources */,
				19B692C016A4F0DB004B0374 /* Default@2x.png in Resources */,
				19B692C116A4F0DB004B0374 /* Default-568h@2x.png in Resources */,
				19B692C216A4F0DB004B0374 /* Localizable.strings in Resources */,
				19CE665F16AF84E1001DD00E /* blackArrow.png in Resources */,
				19CE666116AF84E1001DD00E /* blackArrow@2x.png in Resources */,
				19CE666316AF84E1001DD00E /* blueArrow.png in Resources */,
				19CE666516AF84E1001DD00E /* blueArrow@2x.png in Resources */,
				19CE666716AF84E1001DD00E /* grayArrow.png in Resources */,
				19CE666916AF84E1001DD00E /* grayArrow@2x.png in Resources */,
				19CE666B16AF84E1001DD00E /* whiteArrow.png in Resources */,
				19CE666D16AF84E1001DD00E /* whiteArrow@2x.png in Resources */,
				19B1240316B7D052001C7939 /* linkee_stream_bg.png in Resources */,
				19B1240516B7D052001C7939 /* linkee_stream_bg@2x.png in Resources */,
				19B145C516BA5367005E920E /* Login.png in Resources */,
				19B145C716BA5367005E920E /* Login@2x.png in Resources */,
				19399AAB16BAC0FC00222BDD /* icon.png in Resources */,
				19399AAC16BAC10200222BDD /* icon@2x.png in Resources */,
			);
			runOnlyForDeploymentPostprocessing = 0;
		};
/* End PBXResourcesBuildPhase section */

/* Begin PBXSourcesBuildPhase section */
		193F06FD169E686E005D60DD /* Sources */ = {
			isa = PBXSourcesBuildPhase;
			buildActionMask = 2147483647;
			files = (
				193F0712169E686E005D60DD /* main.m in Sources */,
				193F0716169E686E005D60DD /* LKAppDelegate.m in Sources */,
				193F078E169E7586005D60DD /* ASIAuthenticationDialog.m in Sources */,
				193F078F169E7586005D60DD /* ASIDataCompressor.m in Sources */,
				193F0790169E7586005D60DD /* ASIDataDecompressor.m in Sources */,
				193F0791169E7586005D60DD /* ASIDownloadCache.m in Sources */,
				193F0792169E7586005D60DD /* ASIFormDataRequest.m in Sources */,
				193F0793169E7586005D60DD /* ASIHTTPRequest.m in Sources */,
				193F0794169E7586005D60DD /* ASIInputStream.m in Sources */,
				193F0795169E7586005D60DD /* ASINetworkQueue.m in Sources */,
				193F0796169E7586005D60DD /* Jastor.m in Sources */,
				193F0797169E7586005D60DD /* JastorRuntimeHelper.m in Sources */,
				193F0798169E7586005D60DD /* Reachability.m in Sources */,
				193F07B3169EA3AE005D60DD /* LKNavigationController.m in Sources */,
				193F07B7169EAAFD005D60DD /* UICentre.m in Sources */,
				193F07BB169EB4A6005D60DD /* LKTabBarController.m in Sources */,
				19C4D09E169FAF0F000610A6 /* LKDebugTool.m in Sources */,
				19C4D0A2169FBE5F000610A6 /* LoginController.m in Sources */,
				19B48F2B16A01030009FFC09 /* LKViewController.m in Sources */,
				19CA4CA916A1107A00812EE8 /* LKHTTPRequest.m in Sources */,
				19CA4CB116A1152C00812EE8 /* ConfigCentre.m in Sources */,
				19CA4CB816A13D8800812EE8 /* handyTool.m in Sources */,
				19CA4CBB16A1467E00812EE8 /* LoginResponse.m in Sources */,
				19CA4CBE16A1616200812EE8 /* UserCentre.m in Sources */,
				19E32FA316A3E15F00B5A5F2 /* PersonalController.m in Sources */,
				19E32FAB16A3F54400B5A5F2 /* SettingController.m in Sources */,
				19FE6AE216A50A80003CEE1C /* PersonProfile.m in Sources */,
				19E20B5B16A6560C00313036 /* TaskCentre.m in Sources */,
				19E20B5F16A6601600313036 /* STKeychain.m in Sources */,
				19E20B6616A69B8E00313036 /* LinkeeViewController.m in Sources */,
				19E20B6F16A6BC9B00313036 /* JsonObj.m in Sources */,
				19B0BAE316A93C2700A8BB02 /* LKView.m in Sources */,
				19B0BAEB16A94A7F00A8BB02 /* LinkeeTopTabView.m in Sources */,
				19A937E216AA4E580076DE9B /* LKTableController.m in Sources */,
				19A937EE16AA7DD40076DE9B /* LinkeeStreamController.m in Sources */,
				19A937F216AA7ECB0076DE9B /* LinkeeExploreController.m in Sources */,
				19A937F616AA7EEC0076DE9B /* LinkeeNewsController.m in Sources */,
				19AD481716AE97DA00B5BA02 /* PeopleStreamController.m in Sources */,
				19CE665C16AF84E1001DD00E /* EGORefreshTableHeaderView.m in Sources */,
				19CE667B16AFB397001DD00E /* ProfileLinkeeController.m in Sources */,
				19CE668016AFCCB8001DD00E /* LinkeeDetailController.m in Sources */,
				19CE668416AFF0CB001DD00E /* ReplyStreamController.m in Sources */,
				19B01D5416B0FABF00C7D41F /* ExperienceStreamController.m in Sources */,
				19B01D5916B1172000C7D41F /* ExperienceController.m in Sources */,
				19B01D5E16B1219800C7D41F /* NewLinkeeController.m in Sources */,
				19F1CD0D16B29669000BF832 /* MBProgressHUD.m in Sources */,
				19B57F9916B3D32D002644F7 /* ReplyController.m in Sources */,
				19EF00BA16B7731F001964D3 /* TTTAttributedLabel.m in Sources */,
				19ADECFB16B8EB0C007AA4F9 /* ExpStreamBaseController.m in Sources */,
				19ADECFF16B91195007AA4F9 /* HostedExpStreamController.m in Sources */,
				19ADED1A16B926D1007AA4F9 /* WatchedExpStreamController.m in Sources */,
			);
			runOnlyForDeploymentPostprocessing = 0;
		};
		19B6929B16A4F0DB004B0374 /* Sources */ = {
			isa = PBXSourcesBuildPhase;
			buildActionMask = 2147483647;
			files = (
				19B6929C16A4F0DB004B0374 /* main.m in Sources */,
				19B6929D16A4F0DB004B0374 /* LKAppDelegate.m in Sources */,
				19B6929E16A4F0DB004B0374 /* ASIAuthenticationDialog.m in Sources */,
				19B6929F16A4F0DB004B0374 /* ASIDataCompressor.m in Sources */,
				19B692A016A4F0DB004B0374 /* ASIDataDecompressor.m in Sources */,
				19B692A116A4F0DB004B0374 /* ASIDownloadCache.m in Sources */,
				19B692A216A4F0DB004B0374 /* ASIFormDataRequest.m in Sources */,
				19B692A316A4F0DB004B0374 /* ASIHTTPRequest.m in Sources */,
				19B692A416A4F0DB004B0374 /* ASIInputStream.m in Sources */,
				19B692A516A4F0DB004B0374 /* ASINetworkQueue.m in Sources */,
				19B692A616A4F0DB004B0374 /* Jastor.m in Sources */,
				19B692A716A4F0DB004B0374 /* JastorRuntimeHelper.m in Sources */,
				19B692A816A4F0DB004B0374 /* Reachability.m in Sources */,
				19B692A916A4F0DB004B0374 /* LKNavigationController.m in Sources */,
				19B692AA16A4F0DB004B0374 /* UICentre.m in Sources */,
				19B692AB16A4F0DB004B0374 /* LKTabBarController.m in Sources */,
				19B692AC16A4F0DB004B0374 /* LKDebugTool.m in Sources */,
				19B692AD16A4F0DB004B0374 /* LoginController.m in Sources */,
				19B692AE16A4F0DB004B0374 /* LKViewController.m in Sources */,
				19B692AF16A4F0DB004B0374 /* LKHTTPRequest.m in Sources */,
				19B692B016A4F0DB004B0374 /* ConfigCentre.m in Sources */,
				19B692B116A4F0DB004B0374 /* handyTool.m in Sources */,
				19B692B216A4F0DB004B0374 /* LoginResponse.m in Sources */,
				19B692B316A4F0DB004B0374 /* UserCentre.m in Sources */,
				19B692B416A4F0DB004B0374 /* PersonalController.m in Sources */,
				19B692B516A4F0DB004B0374 /* SettingController.m in Sources */,
				19FE6AE316A50A80003CEE1C /* PersonProfile.m in Sources */,
				19E20B5C16A6560C00313036 /* TaskCentre.m in Sources */,
				19E20B6016A6601600313036 /* STKeychain.m in Sources */,
				19E20B6716A69B8E00313036 /* LinkeeViewController.m in Sources */,
				19E20B7016A6BC9B00313036 /* JsonObj.m in Sources */,
				19B0BAE416A93C2700A8BB02 /* LKView.m in Sources */,
				19B0BAEC16A94A7F00A8BB02 /* LinkeeTopTabView.m in Sources */,
				19A937E316AA4E580076DE9B /* LKTableController.m in Sources */,
				19A937EF16AA7DD40076DE9B /* LinkeeStreamController.m in Sources */,
				19A937F316AA7ECB0076DE9B /* LinkeeExploreController.m in Sources */,
				19A937F716AA7EEC0076DE9B /* LinkeeNewsController.m in Sources */,
				19AD481816AE97DA00B5BA02 /* PeopleStreamController.m in Sources */,
				19CE665D16AF84E1001DD00E /* EGORefreshTableHeaderView.m in Sources */,
				19CE667C16AFB397001DD00E /* ProfileLinkeeController.m in Sources */,
				19CE668116AFCCB8001DD00E /* LinkeeDetailController.m in Sources */,
				19CE668516AFF0CB001DD00E /* ReplyStreamController.m in Sources */,
				19B01D5516B0FABF00C7D41F /* ExperienceStreamController.m in Sources */,
				19B01D5A16B1172000C7D41F /* ExperienceController.m in Sources */,
				19B01D5F16B1219800C7D41F /* NewLinkeeController.m in Sources */,
				19F1CD0E16B29669000BF832 /* MBProgressHUD.m in Sources */,
				19B57F9A16B3D32D002644F7 /* ReplyController.m in Sources */,
				19EF00BB16B7731F001964D3 /* TTTAttributedLabel.m in Sources */,
				19ADECFC16B8EB0C007AA4F9 /* ExpStreamBaseController.m in Sources */,
				19ADED0016B91195007AA4F9 /* HostedExpStreamController.m in Sources */,
				19ADED1B16B926D1007AA4F9 /* WatchedExpStreamController.m in Sources */,
			);
			runOnlyForDeploymentPostprocessing = 0;
		};
/* End PBXSourcesBuildPhase section */

/* Begin PBXTargetDependency section */
		19FE6ABB16A4F569003CEE1C /* PBXTargetDependency */ = {
			isa = PBXTargetDependency;
			name = PonyDebugger;
			targetProxy = 19FE6ABA16A4F569003CEE1C /* PBXContainerItemProxy */;
		};
/* End PBXTargetDependency section */

/* Begin XCBuildConfiguration section */
		193F071D169E686E005D60DD /* Debug */ = {
			isa = XCBuildConfiguration;
			buildSettings = {
				ALWAYS_SEARCH_USER_PATHS = NO;
				CLANG_CXX_LANGUAGE_STANDARD = "gnu++0x";
				CLANG_CXX_LIBRARY = "libc++";
				CLANG_ENABLE_OBJC_ARC = YES;
				CLANG_WARN_EMPTY_BODY = YES;
				CLANG_WARN__DUPLICATE_METHOD_MATCH = YES;
				"CODE_SIGN_IDENTITY[sdk=iphoneos*]" = "iPhone Developer";
				COPY_PHASE_STRIP = NO;
				GCC_C_LANGUAGE_STANDARD = gnu99;
				GCC_DYNAMIC_NO_PIC = NO;
				GCC_OPTIMIZATION_LEVEL = 0;
				GCC_PREPROCESSOR_DEFINITIONS = (
					"DEBUG=1",
					"$(inherited)",
				);
				GCC_SYMBOLS_PRIVATE_EXTERN = NO;
				GCC_WARN_ABOUT_RETURN_TYPE = YES;
				GCC_WARN_UNINITIALIZED_AUTOS = YES;
				GCC_WARN_UNUSED_VARIABLE = YES;
				IPHONEOS_DEPLOYMENT_TARGET = 6.0;
				ONLY_ACTIVE_ARCH = YES;
				SDKROOT = iphoneos;
			};
			name = Debug;
		};
		193F071E169E686E005D60DD /* Release */ = {
			isa = XCBuildConfiguration;
			buildSettings = {
				ALWAYS_SEARCH_USER_PATHS = NO;
				CLANG_CXX_LANGUAGE_STANDARD = "gnu++0x";
				CLANG_CXX_LIBRARY = "libc++";
				CLANG_ENABLE_OBJC_ARC = YES;
				CLANG_WARN_EMPTY_BODY = YES;
				CLANG_WARN__DUPLICATE_METHOD_MATCH = YES;
				"CODE_SIGN_IDENTITY[sdk=iphoneos*]" = "iPhone Developer";
				COPY_PHASE_STRIP = YES;
				GCC_C_LANGUAGE_STANDARD = gnu99;
				GCC_WARN_ABOUT_RETURN_TYPE = YES;
				GCC_WARN_UNINITIALIZED_AUTOS = YES;
				GCC_WARN_UNUSED_VARIABLE = YES;
				IPHONEOS_DEPLOYMENT_TARGET = 6.0;
				OTHER_CFLAGS = "-DNS_BLOCK_ASSERTIONS=1";
				SDKROOT = iphoneos;
				VALIDATE_PRODUCT = YES;
			};
			name = Release;
		};
		193F0720169E686E005D60DD /* Debug */ = {
			isa = XCBuildConfiguration;
			buildSettings = {
				GCC_PRECOMPILE_PREFIX_HEADER = YES;
				GCC_PREFIX_HEADER = "Pyramid/Pyramid-Prefix.pch";
				INFOPLIST_FILE = "Pyramid/Pyramid-Info.plist";
				IPHONEOS_DEPLOYMENT_TARGET = 5.0;
				PRODUCT_NAME = "$(TARGET_NAME)";
				WRAPPER_EXTENSION = app;
			};
			name = Debug;
		};
		193F0721169E686E005D60DD /* Release */ = {
			isa = XCBuildConfiguration;
			buildSettings = {
				GCC_PRECOMPILE_PREFIX_HEADER = YES;
				GCC_PREFIX_HEADER = "Pyramid/Pyramid-Prefix.pch";
				INFOPLIST_FILE = "Pyramid/Pyramid-Info.plist";
				IPHONEOS_DEPLOYMENT_TARGET = 5.0;
				PRODUCT_NAME = "$(TARGET_NAME)";
				WRAPPER_EXTENSION = app;
			};
			name = Release;
		};
		19B692C516A4F0DB004B0374 /* Debug */ = {
			isa = XCBuildConfiguration;
			buildSettings = {
				GCC_PRECOMPILE_PREFIX_HEADER = YES;
				GCC_PREFIX_HEADER = "Pyramid/Pyramid-Prefix.pch";
				GCC_PREPROCESSOR_DEFINITIONS = (
					"DEBUG=1",
					"$(inherited)",
					"PonyD=1",
				);
				INFOPLIST_FILE = "$(SRCROOT)/Pyramid/Pyramid_PonyD-Info.plist";
				IPHONEOS_DEPLOYMENT_TARGET = 5.0;
				OTHER_LDFLAGS = "-ObjC";
				PRODUCT_NAME = Pyramid_PonyD;
				WRAPPER_EXTENSION = app;
			};
			name = Debug;
		};
		19B692C616A4F0DB004B0374 /* Release */ = {
			isa = XCBuildConfiguration;
			buildSettings = {
				GCC_PRECOMPILE_PREFIX_HEADER = YES;
				GCC_PREFIX_HEADER = "Pyramid/Pyramid-Prefix.pch";
				GCC_PREPROCESSOR_DEFINITIONS = "PonyD=1";
				INFOPLIST_FILE = "$(SRCROOT)/Pyramid/Pyramid_PonyD-Info.plist";
				IPHONEOS_DEPLOYMENT_TARGET = 5.0;
				OTHER_LDFLAGS = "-ObjC";
				PRODUCT_NAME = Pyramid_PonyD;
				WRAPPER_EXTENSION = app;
			};
			name = Release;
		};
/* End XCBuildConfiguration section */

/* Begin XCConfigurationList section */
		193F06FB169E686E005D60DD /* Build configuration list for PBXProject "Pyramid" */ = {
			isa = XCConfigurationList;
			buildConfigurations = (
				193F071D169E686E005D60DD /* Debug */,
				193F071E169E686E005D60DD /* Release */,
			);
			defaultConfigurationIsVisible = 0;
			defaultConfigurationName = Release;
		};
		193F071F169E686E005D60DD /* Build configuration list for PBXNativeTarget "Pyramid" */ = {
			isa = XCConfigurationList;
			buildConfigurations = (
				193F0720169E686E005D60DD /* Debug */,
				193F0721169E686E005D60DD /* Release */,
			);
			defaultConfigurationIsVisible = 0;
			defaultConfigurationName = Release;
		};
		19B692C416A4F0DB004B0374 /* Build configuration list for PBXNativeTarget "Pyramid_PonyD" */ = {
			isa = XCConfigurationList;
			buildConfigurations = (
				19B692C516A4F0DB004B0374 /* Debug */,
				19B692C616A4F0DB004B0374 /* Release */,
			);
			defaultConfigurationIsVisible = 0;
			defaultConfigurationName = Release;
		};
/* End XCConfigurationList section */
	};
	rootObject = 193F06F8169E686E005D60DD /* Project object */;
}
